{
  "version": 4,
  "terraform_version": "1.14.4",
  "serial": 897,
  "lineage": "d82a3085-d6b7-8071-8d5d-5d042a779027",
  "outputs": {
    "alb_dns_name": {
      "value": "dr-alb-1043004809.ap-southeast-1.elb.amazonaws.com",
      "type": "string"
    },
    "igw_id": {
      "value": "igw-0f13aa8bc41ffa1c9",
      "type": "string"
    },
    "nat_gateway_id": {
      "value": "nat-0164645eb4568a5ea",
      "type": "string"
    },
    "private_subnet_id": {
      "value": "subnet-097628478a3225a70",
      "type": "string"
    },
    "public_subnet2_id": {
      "value": "subnet-0d69bd694a8891053",
      "type": "string"
    },
    "public_subnet_id": {
      "value": "subnet-000a2d15e01541ac9",
      "type": "string"
    },
    "vpc_id": {
      "value": "vpc-0915106a508616cbe",
      "type": "string"
    }
  },
  "resources": [
    {
      "mode": "data",
      "type": "aws_ami",
      "name": "amazon_linux_2023",
      "provider": "provider[\"registry.terraform.io/hashicorp/aws\"]",
      "instances": [
        {
          "schema_version": 0,
          "attributes": {
            "allow_unsafe_filter": null,
            "architecture": "x86_64",
            "arn": "arn:aws:ec2:ap-southeast-1::image/ami-0249e9b9816d90e03",
            "block_device_mappings": [
              {
                "device_name": "/dev/xvda",
                "ebs": {
                  "delete_on_termination": "true",
                  "encrypted": "false",
                  "iops": "3000",
                  "snapshot_id": "snap-099aa6f9400215d3a",
                  "throughput": "125",
                  "volume_initialization_rate": "0",
                  "volume_size": "8",
                  "volume_type": "gp3"
                },
                "no_device": "",
                "virtual_name": ""
              }
            ],
            "boot_mode": "uefi-preferred",
            "creation_date": "2026-02-03T17:35:25.000Z",
            "deprecation_time": "2026-05-04T17:40:00.000Z",
            "description": "Amazon Linux 2023 AMI 2023.10.20260202.2 x86_64 HVM kernel-6.1",
            "ena_support": true,
            "executable_users": null,
            "filter": [
              {
                "name": "name",
                "values": [
                  "al2023-ami-2023.10.*-kernel-6.1-x86_64"
                ]
              },
              {
                "name": "virtualization-type",
                "values": [
                  "hvm"
                ]
              }
            ],
            "hypervisor": "xen",
            "id": "ami-0249e9b9816d90e03",
            "image_id": "ami-0249e9b9816d90e03",
            "image_location": "amazon/al2023-ami-2023.10.20260202.2-kernel-6.1-x86_64",
            "image_owner_alias": "amazon",
            "image_type": "machine",
            "imds_support": "v2.0",
            "include_deprecated": false,
            "kernel_id": "",
            "last_launched_time": "",
            "most_recent": true,
            "name": "al2023-ami-2023.10.20260202.2-kernel-6.1-x86_64",
            "name_regex": null,
            "owner_id": "137112412989",
            "owners": [
              "137112412989"
            ],
            "platform": "",
            "platform_details": "Linux/UNIX",
            "product_codes": [],
            "public": true,
            "ramdisk_id": "",
            "region": "ap-southeast-1",
            "root_device_name": "/dev/xvda",
            "root_device_type": "ebs",
            "root_snapshot_id": "snap-099aa6f9400215d3a",
            "sriov_net_support": "simple",
            "state": "available",
            "state_reason": {
              "code": "UNSET",
              "message": "UNSET"
            },
            "tags": {},
            "timeouts": null,
            "tpm_support": "",
            "uefi_data": null,
            "usage_operation": "RunInstances",
            "virtualization_type": "hvm"
          },
          "sensitive_attributes": [],
          "identity_schema_version": 0
        }
      ]
    },
    {
      "mode": "managed",
      "type": "aws_eip",
      "name": "drnat_eip",
      "provider": "provider[\"registry.terraform.io/hashicorp/aws\"]",
      "instances": [
        {
          "schema_version": 0,
          "attributes": {
            "address": null,
            "allocation_id": "eipalloc-01122cf187f96a667",
            "arn": "arn:aws:ec2:ap-southeast-1:536548358674:elastic-ip/eipalloc-01122cf187f96a667",
            "associate_with_private_ip": null,
            "association_id": "",
            "carrier_ip": "",
            "customer_owned_ip": "",
            "customer_owned_ipv4_pool": "",
            "domain": "vpc",
            "id": "eipalloc-01122cf187f96a667",
            "instance": "",
            "ipam_pool_id": null,
            "network_border_group": "ap-southeast-1",
            "network_interface": "",
            "private_dns": null,
            "private_ip": "",
            "ptr_record": "",
            "public_dns": "ec2-52-220-150-145.ap-southeast-1.compute.amazonaws.com",
            "public_ip": "52.220.150.145",
            "public_ipv4_pool": "amazon",
            "region": "ap-southeast-1",
            "tags": {
              "Name": "drnat_eip"
            },
            "tags_all": {
              "Name": "drnat_eip"
            },
            "timeouts": null
          },
          "sensitive_attributes": [],
          "identity_schema_version": 0,
          "private": "eyJlMmJmYjczMC1lY2FhLTExZTYtOGY4OC0zNDM2M2JjN2M0YzAiOnsiZGVsZXRlIjoxODAwMDAwMDAwMDAsInJlYWQiOjkwMDAwMDAwMDAwMCwidXBkYXRlIjozMDAwMDAwMDAwMDB9fQ=="
        }
      ]
    },
    {
      "mode": "managed",
      "type": "aws_iam_instance_profile",
      "name": "dr_ec2_ssm_profile",
      "provider": "provider[\"registry.terraform.io/hashicorp/aws\"]",
      "instances": [
        {
          "schema_version": 0,
          "attributes": {
            "arn": "arn:aws:iam::536548358674:instance-profile/dr-ec2-ssm-profile",
            "create_date": "2026-02-11T01:47:18Z",
            "id": "dr-ec2-ssm-profile",
            "name": "dr-ec2-ssm-profile",
            "name_prefix": "",
            "path": "/",
            "role": "dr-ec2-ssm-role",
            "tags": null,
            "tags_all": {},
            "unique_id": "AIPAXZ3GGHIJE35OJTIYJ"
          },
          "sensitive_attributes": [],
          "identity_schema_version": 0,
          "private": "bnVsbA==",
          "dependencies": [
            "aws_iam_role.dr_ec2_ssm_role"
          ]
        }
      ]
    },
    {
      "mode": "managed",
      "type": "aws_iam_role",
      "name": "dr_ec2_ssm_role",
      "provider": "provider[\"registry.terraform.io/hashicorp/aws\"]",
      "instances": [
        {
          "schema_version": 0,
          "attributes": {
            "arn": "arn:aws:iam::536548358674:role/dr-ec2-ssm-role",
            "assume_role_policy": "{\"Statement\":[{\"Action\":\"sts:AssumeRole\",\"Effect\":\"Allow\",\"Principal\":{\"Service\":\"ec2.amazonaws.com\"},\"Sid\":\"\"}],\"Version\":\"2012-10-17\"}",
            "create_date": "2026-02-11T01:47:17Z",
            "description": "",
            "force_detach_policies": false,
            "id": "dr-ec2-ssm-role",
            "inline_policy": [],
            "managed_policy_arns": [],
            "max_session_duration": 3600,
            "name": "dr-ec2-ssm-role",
            "name_prefix": "",
            "path": "/",
            "permissions_boundary": "",
            "tags": {
              "Name": "dr-ec2-ssm-role"
            },
            "tags_all": {
              "Name": "dr-ec2-ssm-role"
            },
            "unique_id": "AROAXZ3GGHIJN547GI5YA"
          },
          "sensitive_attributes": [],
          "identity_schema_version": 0,
          "identity": {
            "account_id": "536548358674",
            "name": "dr-ec2-ssm-role"
          },
          "private": "bnVsbA=="
        }
      ]
    },
    {
      "mode": "managed",
      "type": "aws_iam_role_policy_attachment",
      "name": "dr_ec2_policy_attachments",
      "provider": "provider[\"registry.terraform.io/hashicorp/aws\"]",
      "instances": [
        {
          "index_key": "arn:aws:iam::aws:policy/AmazonEC2ContainerRegistryReadOnly",
          "schema_version": 0,
          "attributes": {
            "id": "dr-ec2-ssm-role/arn:aws:iam::aws:policy/AmazonEC2ContainerRegistryReadOnly",
            "policy_arn": "arn:aws:iam::aws:policy/AmazonEC2ContainerRegistryReadOnly",
            "role": "dr-ec2-ssm-role"
          },
          "sensitive_attributes": [],
          "identity_schema_version": 0,
          "identity": {
            "account_id": "536548358674",
            "policy_arn": "arn:aws:iam::aws:policy/AmazonEC2ContainerRegistryReadOnly",
            "role": "dr-ec2-ssm-role"
          },
          "private": "bnVsbA==",
          "dependencies": [
            "aws_iam_role.dr_ec2_ssm_role"
          ]
        },
        {
          "index_key": "arn:aws:iam::aws:policy/AmazonSSMFullAccess",
          "schema_version": 0,
          "attributes": {
            "id": "dr-ec2-ssm-role/arn:aws:iam::aws:policy/AmazonSSMFullAccess",
            "policy_arn": "arn:aws:iam::aws:policy/AmazonSSMFullAccess",
            "role": "dr-ec2-ssm-role"
          },
          "sensitive_attributes": [],
          "identity_schema_version": 0,
          "identity": {
            "account_id": "536548358674",
            "policy_arn": "arn:aws:iam::aws:policy/AmazonSSMFullAccess",
            "role": "dr-ec2-ssm-role"
          },
          "private": "bnVsbA==",
          "dependencies": [
            "aws_iam_role.dr_ec2_ssm_role"
          ]
        },
        {
          "index_key": "arn:aws:iam::aws:policy/AmazonSSMManagedInstanceCore",
          "schema_version": 0,
          "attributes": {
            "id": "dr-ec2-ssm-role/arn:aws:iam::aws:policy/AmazonSSMManagedInstanceCore",
            "policy_arn": "arn:aws:iam::aws:policy/AmazonSSMManagedInstanceCore",
            "role": "dr-ec2-ssm-role"
          },
          "sensitive_attributes": [],
          "identity_schema_version": 0,
          "identity": {
            "account_id": "536548358674",
            "policy_arn": "arn:aws:iam::aws:policy/AmazonSSMManagedInstanceCore",
            "role": "dr-ec2-ssm-role"
          },
          "private": "bnVsbA==",
          "dependencies": [
            "aws_iam_role.dr_ec2_ssm_role"
          ]
        }
      ]
    },
    {
      "mode": "managed",
      "type": "aws_instance",
      "name": "drEC2",
      "provider": "provider[\"registry.terraform.io/hashicorp/aws\"]",
      "instances": [
        {
          "schema_version": 2,
          "attributes": {
            "ami": "ami-0249e9b9816d90e03",
            "arn": "arn:aws:ec2:ap-southeast-1:536548358674:instance/i-07ec4fd2eb8eec876",
            "associate_public_ip_address": false,
            "availability_zone": "ap-southeast-1a",
            "capacity_reservation_specification": [
              {
                "capacity_reservation_preference": "open",
                "capacity_reservation_target": []
              }
            ],
            "cpu_options": [
              {
                "amd_sev_snp": "",
                "core_count": 1,
                "threads_per_core": 2
              }
            ],
            "credit_specification": [
              {
                "cpu_credits": "unlimited"
              }
            ],
            "disable_api_stop": false,
            "disable_api_termination": false,
            "ebs_block_device": [],
            "ebs_optimized": false,
            "enable_primary_ipv6": null,
            "enclave_options": [
              {
                "enabled": false
              }
            ],
            "ephemeral_block_device": [],
            "force_destroy": false,
            "get_password_data": false,
            "hibernation": false,
            "host_id": "",
            "host_resource_group_arn": null,
            "iam_instance_profile": "dr-ec2-ssm-profile",
            "id": "i-07ec4fd2eb8eec876",
            "instance_initiated_shutdown_behavior": "stop",
            "instance_lifecycle": "",
            "instance_market_options": [],
            "instance_state": "running",
            "instance_type": "t3.large",
            "ipv6_address_count": 0,
            "ipv6_addresses": [],
            "key_name": "drkeypair",
            "launch_template": [],
            "maintenance_options": [
              {
                "auto_recovery": "default"
              }
            ],
            "metadata_options": [
              {
                "http_endpoint": "enabled",
                "http_protocol_ipv6": "disabled",
                "http_put_response_hop_limit": 2,
                "http_tokens": "required",
                "instance_metadata_tags": "disabled"
              }
            ],
            "monitoring": false,
            "network_interface": [],
            "outpost_arn": "",
            "password_data": "",
            "placement_group": "",
            "placement_group_id": "",
            "placement_partition_number": 0,
            "primary_network_interface": [
              {
                "delete_on_termination": true,
                "network_interface_id": "eni-094a69882b00c8a01"
              }
            ],
            "primary_network_interface_id": "eni-094a69882b00c8a01",
            "private_dns": "ip-10-0-2-56.ap-southeast-1.compute.internal",
            "private_dns_name_options": [
              {
                "enable_resource_name_dns_a_record": false,
                "enable_resource_name_dns_aaaa_record": false,
                "hostname_type": "ip-name"
              }
            ],
            "private_ip": "10.0.2.56",
            "public_dns": "",
            "public_ip": "",
            "region": "ap-southeast-1",
            "root_block_device": [
              {
                "delete_on_termination": true,
                "device_name": "/dev/xvda",
                "encrypted": false,
                "iops": 3000,
                "kms_key_id": "",
                "tags": {},
                "tags_all": {},
                "throughput": 125,
                "volume_id": "vol-061fd4fb4324ccb32",
                "volume_size": 8,
                "volume_type": "gp3"
              }
            ],
            "secondary_private_ips": [],
            "security_groups": [],
            "source_dest_check": true,
            "spot_instance_request_id": "",
            "subnet_id": "subnet-097628478a3225a70",
            "tags": {
              "Name": "drEC2"
            },
            "tags_all": {
              "Name": "drEC2"
            },
            "tenancy": "default",
            "timeouts": null,
            "user_data": null,
            "user_data_base64": "IyEvYmluL2Jhc2gKc2V0IC1ldXhvIHBpcGVmYWlsCgojIOuhnOq3uCDrgqjquLDquLAgKOusuOygnCDsg53quLDrqbQg7Jes6riwIOuztOuptCDrkKgpCmV4ZWMgPiA+KHRlZSAvdmFyL2xvZy91c2VyLWRhdGEtazNzLmxvZyB8IGxvZ2dlciAtdCB1c2VyLWRhdGEgLXMgMj4vZGV2L2NvbnNvbGUpIDI+JjEKCmVjaG8gIlsxLzZdIGJhc2UgcGFja2FnZXMiCmRuZiAteSB1cGRhdGUgfHwgdHJ1ZQpkbmYgLXkgaW5zdGFsbCBjdXJsIGNhLWNlcnRpZmljYXRlcyB8fCB0cnVlCgplY2hvICJbMi82XSBpbnN0YWxsIGszcyAoc2luZ2xlIG5vZGU6IHNlcnZlciArIGFnZW50KSIKY3VybCAtc2ZMIGh0dHBzOi8vZ2V0Lmszcy5pbyB8IElOU1RBTExfSzNTX0VYRUM9InNlcnZlciAtLXdyaXRlLWt1YmVjb25maWctbW9kZSA2NDQiIHNoIC0KCnN5c3RlbWN0bCBlbmFibGUgLS1ub3cgazNzCgpleHBvcnQgS1VCRUNPTkZJRz0vZXRjL3JhbmNoZXIvazNzL2szcy55YW1sCgplY2hvICJbMy82XSB3YWl0IG5vZGUgUmVhZHkiCmZvciBpIGluICQoc2VxIDEgMTgwKTsgZG8KICBpZiBrdWJlY3RsIGdldCBub2RlcyAyPi9kZXYvbnVsbCB8IGF3ayAnTlI9PTJ7cHJpbnQgJDJ9JyB8IGdyZXAgLXEgIlJlYWR5IjsgdGhlbgogICAgYnJlYWsKICBmaQogIHNsZWVwIDIKZG9uZQoKZWNobyAiWzQvNl0gd2FpdCB0cmFlZmlrIFJlYWR5IgojIGszcyDquLDrs7ggdHJhZWZpayDrsLDtj6zqsIAg7JmE7KCE7Z6IIFJlYWR5IOuQnCDrkqTsl5AgSW5ncmVzcyDsoIHsmqntlbTslbwg7JWI7KCV7KCBCmZvciBpIGluICQoc2VxIDEgMjQwKTsgZG8KICBSRUFEWT0iJChrdWJlY3RsIC1uIGt1YmUtc3lzdGVtIGdldCBkZXBsb3kgdHJhZWZpayAtbyBqc29ucGF0aD0ney5zdGF0dXMucmVhZHlSZXBsaWNhc30nIDI+L2Rldi9udWxsIHx8IGVjaG8gIiIpIgogIGlmIFsgIiR7UkVBRFl9IiA9ICIxIiBdOyB0aGVuCiAgICBicmVhawogIGZpCiAgc2xlZXAgMgpkb25lCgplY2hvICJbNS82XSBhcHBseSBrOHMgbWFuaWZlc3RzIChoZWFsdGh6ICsganVzdGljLXdlYiArIGluZ3Jlc3MpIgprdWJlY3RsIGFwcGx5IC1mIC0gPDwnWUFNTCcKYXBpVmVyc2lvbjogdjEKa2luZDogQ29uZmlnTWFwCm1ldGFkYXRhOgogIG5hbWU6IGhlYWx0aHotbmdpbngtY29uZgogIG5hbWVzcGFjZTogZGVmYXVsdApkYXRhOgogIGRlZmF1bHQuY29uZjogfAogICAgc2VydmVyIHsKICAgICAgbGlzdGVuIDgwOwogICAgICBsb2NhdGlvbiA9IC9oZWFsdGggeyByZXR1cm4gMjAwICJva1xuIjsgfQogICAgICBsb2NhdGlvbiAvIHsgcmV0dXJuIDQwNCAibm90IGZvdW5kXG4iOyB9CiAgICB9Ci0tLQphcGlWZXJzaW9uOiBhcHBzL3YxCmtpbmQ6IERlcGxveW1lbnQKbWV0YWRhdGE6CiAgbmFtZTogaGVhbHRoegogIG5hbWVzcGFjZTogZGVmYXVsdApzcGVjOgogIHJlcGxpY2FzOiAxCiAgc2VsZWN0b3I6CiAgICBtYXRjaExhYmVsczoKICAgICAgYXBwOiBoZWFsdGh6CiAgdGVtcGxhdGU6CiAgICBtZXRhZGF0YToKICAgICAgbGFiZWxzOgogICAgICAgIGFwcDogaGVhbHRoegogICAgc3BlYzoKICAgICAgY29udGFpbmVyczoKICAgICAgLSBuYW1lOiBuZ2lueAogICAgICAgIGltYWdlOiBuZ2lueDpzdGFibGUtYWxwaW5lCiAgICAgICAgcG9ydHM6CiAgICAgICAgLSBjb250YWluZXJQb3J0OiA4MAogICAgICAgIHZvbHVtZU1vdW50czoKICAgICAgICAtIG5hbWU6IGNvbmYKICAgICAgICAgIG1vdW50UGF0aDogL2V0Yy9uZ2lueC9jb25mLmQvZGVmYXVsdC5jb25mCiAgICAgICAgICBzdWJQYXRoOiBkZWZhdWx0LmNvbmYKICAgICAgdm9sdW1lczoKICAgICAgLSBuYW1lOiBjb25mCiAgICAgICAgY29uZmlnTWFwOgogICAgICAgICAgbmFtZTogaGVhbHRoei1uZ2lueC1jb25mCi0tLQphcGlWZXJzaW9uOiB2MQpraW5kOiBTZXJ2aWNlCm1ldGFkYXRhOgogIG5hbWU6IGhlYWx0aHotc3ZjCiAgbmFtZXNwYWNlOiBkZWZhdWx0CnNwZWM6CiAgc2VsZWN0b3I6CiAgICBhcHA6IGhlYWx0aHoKICBwb3J0czoKICAtIHBvcnQ6IDgwCiAgICB0YXJnZXRQb3J0OiA4MAotLS0KYXBpVmVyc2lvbjogYXBwcy92MQpraW5kOiBEZXBsb3ltZW50Cm1ldGFkYXRhOgogIG5hbWU6IGp1c3RpYy13ZWIKICBuYW1lc3BhY2U6IGRlZmF1bHQKc3BlYzoKICByZXBsaWNhczogMQogIHNlbGVjdG9yOgogICAgbWF0Y2hMYWJlbHM6CiAgICAgIGFwcDoganVzdGljLXdlYgogIHRlbXBsYXRlOgogICAgbWV0YWRhdGE6CiAgICAgIGxhYmVsczoKICAgICAgICBhcHA6IGp1c3RpYy13ZWIKICAgIHNwZWM6CiAgICAgIGNvbnRhaW5lcnM6CiAgICAgIC0gbmFtZTogd2ViCiAgICAgICAgaW1hZ2U6IGdoY3IuaW8vanVzdGljZTc5MzQvanVzdGljLXdlYjoxLjUKICAgICAgICBpbWFnZVB1bGxQb2xpY3k6IElmTm90UHJlc2VudAogICAgICAgIHBvcnRzOgogICAgICAgIC0gY29udGFpbmVyUG9ydDogODA4MAotLS0KYXBpVmVyc2lvbjogdjEKa2luZDogU2VydmljZQptZXRhZGF0YToKICBuYW1lOiBqdXN0aWMtd2ViLXN2YwogIG5hbWVzcGFjZTogZGVmYXVsdApzcGVjOgogIHNlbGVjdG9yOgogICAgYXBwOiBqdXN0aWMtd2ViCiAgcG9ydHM6CiAgLSBwb3J0OiA4MAogICAgdGFyZ2V0UG9ydDogODA4MAoKIyAo6riw7KG0IFlBTUwg7KSRIEluZ3Jlc3Mg67aA67aE66eMIOydtOqxuOuhnCDqtZDssrQpCgotLS0KYXBpVmVyc2lvbjogbmV0d29ya2luZy5rOHMuaW8vdjEKa2luZDogSW5ncmVzcwptZXRhZGF0YToKICBuYW1lOiBoZWFsdGh6LWluZwogIG5hbWVzcGFjZTogZGVmYXVsdAogIGFubm90YXRpb25zOgogICAgdHJhZWZpay5pbmdyZXNzLmt1YmVybmV0ZXMuaW8vcm91dGVyLmVudHJ5cG9pbnRzOiB3ZWIKc3BlYzoKICBpbmdyZXNzQ2xhc3NOYW1lOiB0cmFlZmlrCiAgcnVsZXM6CiAgLSBodHRwOgogICAgICBwYXRoczoKICAgICAgLSBwYXRoOiAvaGVhbHRoCiAgICAgICAgcGF0aFR5cGU6IEV4YWN0CiAgICAgICAgYmFja2VuZDoKICAgICAgICAgIHNlcnZpY2U6CiAgICAgICAgICAgIG5hbWU6IGhlYWx0aHotc3ZjCiAgICAgICAgICAgIHBvcnQ6CiAgICAgICAgICAgICAgbnVtYmVyOiA4MAotLS0KYXBpVmVyc2lvbjogbmV0d29ya2luZy5rOHMuaW8vdjEKa2luZDogSW5ncmVzcwptZXRhZGF0YToKICBuYW1lOiB3ZWItaW5nCiAgbmFtZXNwYWNlOiBkZWZhdWx0CiAgYW5ub3RhdGlvbnM6CiAgICB0cmFlZmlrLmluZ3Jlc3Mua3ViZXJuZXRlcy5pby9yb3V0ZXIuZW50cnlwb2ludHM6IHdlYgpzcGVjOgogIGluZ3Jlc3NDbGFzc05hbWU6IHRyYWVmaWsKICBydWxlczoKICAtIGh0dHA6CiAgICAgIHBhdGhzOgogICAgICAtIHBhdGg6IC8KICAgICAgICBwYXRoVHlwZTogUHJlZml4CiAgICAgICAgYmFja2VuZDoKICAgICAgICAgIHNlcnZpY2U6CiAgICAgICAgICAgIG5hbWU6IGp1c3RpYy13ZWItc3ZjCiAgICAgICAgICAgIHBvcnQ6CiAgICAgICAgICAgICAgbnVtYmVyOiA4MApZQU1MCgplY2hvICJbNi82XSBxdWljayBjaGVja3MiCmt1YmVjdGwgZ2V0IG5vZGVzIC1vIHdpZGUgfHwgdHJ1ZQprdWJlY3RsIGdldCBwb2RzLHN2YyxpbmdyZXNzIC1BIHx8IHRydWUKZWNobyAiRE9ORSIK",
            "user_data_replace_on_change": true,
            "volume_tags": null,
            "vpc_security_group_ids": [
              "sg-0a4b7bcc36fc08c2d"
            ]
          },
          "sensitive_attributes": [],
          "identity_schema_version": 0,
          "identity": {
            "account_id": "536548358674",
            "id": "i-07ec4fd2eb8eec876",
            "region": "ap-southeast-1"
          },
          "private": "eyJlMmJmYjczMC1lY2FhLTExZTYtOGY4OC0zNDM2M2JjN2M0YzAiOnsiY3JlYXRlIjo2MDAwMDAwMDAwMDAsImRlbGV0ZSI6MTIwMDAwMDAwMDAwMCwicmVhZCI6OTAwMDAwMDAwMDAwLCJ1cGRhdGUiOjYwMDAwMDAwMDAwMH0sInNjaGVtYV92ZXJzaW9uIjoiMiJ9",
          "dependencies": [
            "aws_iam_instance_profile.dr_ec2_ssm_profile",
            "aws_iam_role.dr_ec2_ssm_role",
            "aws_key_pair.drkeypair",
            "aws_security_group.drSG",
            "aws_subnet.drprivSN",
            "aws_vpc.dr",
            "data.aws_ami.amazon_linux_2023"
          ]
        }
      ]
    },
    {
      "mode": "managed",
      "type": "aws_internet_gateway",
      "name": "drigw",
      "provider": "provider[\"registry.terraform.io/hashicorp/aws\"]",
      "instances": [
        {
          "schema_version": 0,
          "attributes": {
            "arn": "arn:aws:ec2:ap-southeast-1:536548358674:internet-gateway/igw-0f13aa8bc41ffa1c9",
            "id": "igw-0f13aa8bc41ffa1c9",
            "owner_id": "536548358674",
            "region": "ap-southeast-1",
            "tags": {
              "Name": "drigw"
            },
            "tags_all": {
              "Name": "drigw"
            },
            "timeouts": null,
            "vpc_id": "vpc-0915106a508616cbe"
          },
          "sensitive_attributes": [],
          "identity_schema_version": 0,
          "private": "eyJlMmJmYjczMC1lY2FhLTExZTYtOGY4OC0zNDM2M2JjN2M0YzAiOnsiY3JlYXRlIjoxMjAwMDAwMDAwMDAwLCJkZWxldGUiOjEyMDAwMDAwMDAwMDAsInVwZGF0ZSI6MTIwMDAwMDAwMDAwMH19",
          "dependencies": [
            "aws_vpc.dr"
          ]
        }
      ]
    },
    {
      "mode": "managed",
      "type": "aws_key_pair",
      "name": "drkeypair",
      "provider": "provider[\"registry.terraform.io/hashicorp/aws\"]",
      "instances": [
        {
          "schema_version": 1,
          "attributes": {
            "arn": "arn:aws:ec2:ap-southeast-1:536548358674:key-pair/drkeypair",
            "fingerprint": "7btv9v1j0SWewNW1oUDLiPDy2xogWvBEi3YS38yxpNk=",
            "id": "drkeypair",
            "key_name": "drkeypair",
            "key_name_prefix": "",
            "key_pair_id": "key-0b02fea034195eece",
            "key_type": "ed25519",
            "public_key": "ssh-ed25519 AAAAC3NzaC1lZDI1NTE5AAAAIJGnd/WMsHXiUxrco7P4NQokhZS3ZY4b7lm1Nf9onJBV root@ansible.example.com",
            "region": "ap-southeast-1",
            "tags": null,
            "tags_all": {}
          },
          "sensitive_attributes": [],
          "identity_schema_version": 0,
          "private": "eyJzY2hlbWFfdmVyc2lvbiI6IjEifQ=="
        }
      ]
    },
    {
      "mode": "managed",
      "type": "aws_lb",
      "name": "dr_alb",
      "provider": "provider[\"registry.terraform.io/hashicorp/aws\"]",
      "instances": [
        {
          "schema_version": 0,
          "attributes": {
            "access_logs": [
              {
                "bucket": "",
                "enabled": false,
                "prefix": ""
              }
            ],
            "arn": "arn:aws:elasticloadbalancing:ap-southeast-1:536548358674:loadbalancer/app/dr-alb/2680734eaf507ce6",
            "arn_suffix": "app/dr-alb/2680734eaf507ce6",
            "client_keep_alive": 3600,
            "connection_logs": [
              {
                "bucket": "",
                "enabled": false,
                "prefix": ""
              }
            ],
            "customer_owned_ipv4_pool": "",
            "desync_mitigation_mode": "defensive",
            "dns_name": "dr-alb-1043004809.ap-southeast-1.elb.amazonaws.com",
            "dns_record_client_routing_policy": null,
            "drop_invalid_header_fields": false,
            "enable_cross_zone_load_balancing": true,
            "enable_deletion_protection": false,
            "enable_http2": true,
            "enable_tls_version_and_cipher_suite_headers": false,
            "enable_waf_fail_open": false,
            "enable_xff_client_port": false,
            "enable_zonal_shift": false,
            "enforce_security_group_inbound_rules_on_private_link_traffic": "",
            "health_check_logs": [
              {
                "bucket": "",
                "enabled": false,
                "prefix": ""
              }
            ],
            "id": "arn:aws:elasticloadbalancing:ap-southeast-1:536548358674:loadbalancer/app/dr-alb/2680734eaf507ce6",
            "idle_timeout": 60,
            "internal": false,
            "ip_address_type": "ipv4",
            "ipam_pools": [],
            "load_balancer_type": "application",
            "minimum_load_balancer_capacity": [],
            "name": "dr-alb",
            "name_prefix": "",
            "preserve_host_header": false,
            "region": "ap-southeast-1",
            "secondary_ips_auto_assigned_per_subnet": null,
            "security_groups": [
              "sg-040e31e60d0591e43"
            ],
            "subnet_mapping": [
              {
                "allocation_id": "",
                "ipv6_address": "",
                "outpost_id": "",
                "private_ipv4_address": "",
                "subnet_id": "subnet-000a2d15e01541ac9"
              },
              {
                "allocation_id": "",
                "ipv6_address": "",
                "outpost_id": "",
                "private_ipv4_address": "",
                "subnet_id": "subnet-0d69bd694a8891053"
              }
            ],
            "subnets": [
              "subnet-000a2d15e01541ac9",
              "subnet-0d69bd694a8891053"
            ],
            "tags": {
              "Name": "dr-alb"
            },
            "tags_all": {
              "Name": "dr-alb"
            },
            "timeouts": null,
            "vpc_id": "vpc-0915106a508616cbe",
            "xff_header_processing_mode": "append",
            "zone_id": "Z1LMS91P8CMLE5"
          },
          "sensitive_attributes": [],
          "identity_schema_version": 0,
          "identity": {
            "arn": "arn:aws:elasticloadbalancing:ap-southeast-1:536548358674:loadbalancer/app/dr-alb/2680734eaf507ce6"
          },
          "private": "eyJlMmJmYjczMC1lY2FhLTExZTYtOGY4OC0zNDM2M2JjN2M0YzAiOnsiY3JlYXRlIjo2MDAwMDAwMDAwMDAsImRlbGV0ZSI6NjAwMDAwMDAwMDAwLCJ1cGRhdGUiOjYwMDAwMDAwMDAwMH19",
          "dependencies": [
            "aws_security_group.alb_sg",
            "aws_subnet.drpubSN",
            "aws_subnet.drpubSN2",
            "aws_vpc.dr"
          ]
        }
      ]
    },
    {
      "mode": "managed",
      "type": "aws_lb_listener",
      "name": "dr_http",
      "provider": "provider[\"registry.terraform.io/hashicorp/aws\"]",
      "instances": [
        {
          "schema_version": 0,
          "attributes": {
            "alpn_policy": null,
            "arn": "arn:aws:elasticloadbalancing:ap-southeast-1:536548358674:listener/app/dr-alb/2680734eaf507ce6/8c0efa34ded07fd1",
            "certificate_arn": null,
            "default_action": [
              {
                "authenticate_cognito": [],
                "authenticate_oidc": [],
                "fixed_response": [],
                "forward": [],
                "jwt_validation": [],
                "order": 1,
                "redirect": [],
                "target_group_arn": "arn:aws:elasticloadbalancing:ap-southeast-1:536548358674:targetgroup/dr-tg/c671c9ed2ce72257",
                "type": "forward"
              }
            ],
            "id": "arn:aws:elasticloadbalancing:ap-southeast-1:536548358674:listener/app/dr-alb/2680734eaf507ce6/8c0efa34ded07fd1",
            "load_balancer_arn": "arn:aws:elasticloadbalancing:ap-southeast-1:536548358674:loadbalancer/app/dr-alb/2680734eaf507ce6",
            "mutual_authentication": [],
            "port": 80,
            "protocol": "HTTP",
            "region": "ap-southeast-1",
            "routing_http_request_x_amzn_mtls_clientcert_header_name": null,
            "routing_http_request_x_amzn_mtls_clientcert_issuer_header_name": null,
            "routing_http_request_x_amzn_mtls_clientcert_leaf_header_name": null,
            "routing_http_request_x_amzn_mtls_clientcert_serial_number_header_name": null,
            "routing_http_request_x_amzn_mtls_clientcert_subject_header_name": null,
            "routing_http_request_x_amzn_mtls_clientcert_validity_header_name": null,
            "routing_http_request_x_amzn_tls_cipher_suite_header_name": null,
            "routing_http_request_x_amzn_tls_version_header_name": null,
            "routing_http_response_access_control_allow_credentials_header_value": "",
            "routing_http_response_access_control_allow_headers_header_value": "",
            "routing_http_response_access_control_allow_methods_header_value": "",
            "routing_http_response_access_control_allow_origin_header_value": "",
            "routing_http_response_access_control_expose_headers_header_value": "",
            "routing_http_response_access_control_max_age_header_value": "",
            "routing_http_response_content_security_policy_header_value": "",
            "routing_http_response_server_enabled": true,
            "routing_http_response_strict_transport_security_header_value": "",
            "routing_http_response_x_content_type_options_header_value": "",
            "routing_http_response_x_frame_options_header_value": "",
            "ssl_policy": "",
            "tags": null,
            "tags_all": {},
            "tcp_idle_timeout_seconds": null,
            "timeouts": null
          },
          "sensitive_attributes": [],
          "identity_schema_version": 0,
          "identity": {
            "arn": "arn:aws:elasticloadbalancing:ap-southeast-1:536548358674:listener/app/dr-alb/2680734eaf507ce6/8c0efa34ded07fd1"
          },
          "private": "eyJlMmJmYjczMC1lY2FhLTExZTYtOGY4OC0zNDM2M2JjN2M0YzAiOnsiY3JlYXRlIjozMDAwMDAwMDAwMDAsInVwZGF0ZSI6MzAwMDAwMDAwMDAwfX0=",
          "dependencies": [
            "aws_lb.dr_alb",
            "aws_lb_target_group.dr_tg",
            "aws_security_group.alb_sg",
            "aws_subnet.drpubSN",
            "aws_subnet.drpubSN2",
            "aws_vpc.dr"
          ]
        }
      ]
    },
    {
      "mode": "managed",
      "type": "aws_lb_target_group",
      "name": "dr_tg",
      "provider": "provider[\"registry.terraform.io/hashicorp/aws\"]",
      "instances": [
        {
          "schema_version": 0,
          "attributes": {
            "arn": "arn:aws:elasticloadbalancing:ap-southeast-1:536548358674:targetgroup/dr-tg/c671c9ed2ce72257",
            "arn_suffix": "targetgroup/dr-tg/c671c9ed2ce72257",
            "connection_termination": null,
            "deregistration_delay": "300",
            "health_check": [
              {
                "enabled": true,
                "healthy_threshold": 2,
                "interval": 30,
                "matcher": "200-399",
                "path": "/health",
                "port": "traffic-port",
                "protocol": "HTTP",
                "timeout": 5,
                "unhealthy_threshold": 2
              }
            ],
            "id": "arn:aws:elasticloadbalancing:ap-southeast-1:536548358674:targetgroup/dr-tg/c671c9ed2ce72257",
            "ip_address_type": "ipv4",
            "lambda_multi_value_headers_enabled": false,
            "load_balancer_arns": [],
            "load_balancing_algorithm_type": "round_robin",
            "load_balancing_anomaly_mitigation": "off",
            "load_balancing_cross_zone_enabled": "use_load_balancer_configuration",
            "name": "dr-tg",
            "name_prefix": "",
            "port": 80,
            "preserve_client_ip": null,
            "protocol": "HTTP",
            "protocol_version": "HTTP1",
            "proxy_protocol_v2": false,
            "region": "ap-southeast-1",
            "slow_start": 0,
            "stickiness": [
              {
                "cookie_duration": 86400,
                "cookie_name": "",
                "enabled": false,
                "type": "lb_cookie"
              }
            ],
            "tags": {
              "Name": "dr-tg"
            },
            "tags_all": {
              "Name": "dr-tg"
            },
            "target_control_port": 0,
            "target_failover": [
              {
                "on_deregistration": null,
                "on_unhealthy": null
              }
            ],
            "target_group_health": [
              {
                "dns_failover": [
                  {
                    "minimum_healthy_targets_count": "1",
                    "minimum_healthy_targets_percentage": "off"
                  }
                ],
                "unhealthy_state_routing": [
                  {
                    "minimum_healthy_targets_count": 1,
                    "minimum_healthy_targets_percentage": "off"
                  }
                ]
              }
            ],
            "target_health_state": [
              {
                "enable_unhealthy_connection_termination": null,
                "unhealthy_draining_interval": null
              }
            ],
            "target_type": "instance",
            "vpc_id": "vpc-0915106a508616cbe"
          },
          "sensitive_attributes": [],
          "identity_schema_version": 0,
          "identity": {
            "arn": "arn:aws:elasticloadbalancing:ap-southeast-1:536548358674:targetgroup/dr-tg/c671c9ed2ce72257"
          },
          "private": "bnVsbA==",
          "dependencies": [
            "aws_vpc.dr"
          ]
        }
      ]
    },
    {
      "mode": "managed",
      "type": "aws_lb_target_group_attachment",
      "name": "dr_ec2_attach",
      "provider": "provider[\"registry.terraform.io/hashicorp/aws\"]",
      "instances": [
        {
          "schema_version": 0,
          "attributes": {
            "availability_zone": null,
            "id": "arn:aws:elasticloadbalancing:ap-southeast-1:536548358674:targetgroup/dr-tg/c671c9ed2ce72257-20260211014744670300000004",
            "port": 80,
            "quic_server_id": null,
            "region": "ap-southeast-1",
            "target_group_arn": "arn:aws:elasticloadbalancing:ap-southeast-1:536548358674:targetgroup/dr-tg/c671c9ed2ce72257",
            "target_id": "i-07ec4fd2eb8eec876"
          },
          "sensitive_attributes": [],
          "identity_schema_version": 0,
          "private": "bnVsbA==",
          "dependencies": [
            "aws_iam_instance_profile.dr_ec2_ssm_profile",
            "aws_iam_role.dr_ec2_ssm_role",
            "aws_instance.drEC2",
            "aws_key_pair.drkeypair",
            "aws_lb_target_group.dr_tg",
            "aws_security_group.drSG",
            "aws_subnet.drprivSN",
            "aws_vpc.dr",
            "data.aws_ami.amazon_linux_2023"
          ]
        }
      ]
    },
    {
      "mode": "managed",
      "type": "aws_nat_gateway",
      "name": "drnat",
      "provider": "provider[\"registry.terraform.io/hashicorp/aws\"]",
      "instances": [
        {
          "schema_version": 0,
          "attributes": {
            "allocation_id": "eipalloc-01122cf187f96a667",
            "association_id": "eipassoc-08bdde6c0871ee377",
            "auto_provision_zones": null,
            "auto_scaling_ips": null,
            "availability_mode": "zonal",
            "availability_zone_address": [],
            "connectivity_type": "public",
            "id": "nat-0164645eb4568a5ea",
            "network_interface_id": "eni-068c694b42d8be8c7",
            "private_ip": "10.0.1.16",
            "public_ip": "52.220.150.145",
            "region": "ap-southeast-1",
            "regional_nat_gateway_address": [],
            "regional_nat_gateway_auto_mode": null,
            "route_table_id": null,
            "secondary_allocation_ids": [],
            "secondary_private_ip_address_count": 0,
            "secondary_private_ip_addresses": [],
            "subnet_id": "subnet-000a2d15e01541ac9",
            "tags": {
              "Name": "drnat"
            },
            "tags_all": {
              "Name": "drnat"
            },
            "timeouts": null,
            "vpc_id": "vpc-0915106a508616cbe"
          },
          "sensitive_attributes": [],
          "identity_schema_version": 0,
          "private": "eyJlMmJmYjczMC1lY2FhLTExZTYtOGY4OC0zNDM2M2JjN2M0YzAiOnsiY3JlYXRlIjo2MDAwMDAwMDAwMDAsImRlbGV0ZSI6MTgwMDAwMDAwMDAwMCwidXBkYXRlIjo2MDAwMDAwMDAwMDB9fQ==",
          "dependencies": [
            "aws_eip.drnat_eip",
            "aws_internet_gateway.drigw",
            "aws_subnet.drpubSN",
            "aws_vpc.dr"
          ]
        }
      ]
    },
    {
      "mode": "managed",
      "type": "aws_route_table",
      "name": "private_rt",
      "provider": "provider[\"registry.terraform.io/hashicorp/aws\"]",
      "instances": [
        {
          "schema_version": 0,
          "attributes": {
            "arn": "arn:aws:ec2:ap-southeast-1:536548358674:route-table/rtb-0c00448870d67978d",
            "id": "rtb-0c00448870d67978d",
            "owner_id": "536548358674",
            "propagating_vgws": [],
            "region": "ap-southeast-1",
            "route": [
              {
                "carrier_gateway_id": "",
                "cidr_block": "0.0.0.0/0",
                "core_network_arn": "",
                "destination_prefix_list_id": "",
                "egress_only_gateway_id": "",
                "gateway_id": "",
                "ipv6_cidr_block": "",
                "local_gateway_id": "",
                "nat_gateway_id": "nat-0164645eb4568a5ea",
                "network_interface_id": "",
                "transit_gateway_id": "",
                "vpc_endpoint_id": "",
                "vpc_peering_connection_id": ""
              }
            ],
            "tags": {
              "Name": "private_rt"
            },
            "tags_all": {
              "Name": "private_rt"
            },
            "timeouts": null,
            "vpc_id": "vpc-0915106a508616cbe"
          },
          "sensitive_attributes": [],
          "identity_schema_version": 0,
          "identity": {
            "account_id": "536548358674",
            "id": "rtb-0c00448870d67978d",
            "region": "ap-southeast-1"
          },
          "private": "eyJlMmJmYjczMC1lY2FhLTExZTYtOGY4OC0zNDM2M2JjN2M0YzAiOnsiY3JlYXRlIjozMDAwMDAwMDAwMDAsImRlbGV0ZSI6MzAwMDAwMDAwMDAwLCJ1cGRhdGUiOjEyMDAwMDAwMDAwMH19",
          "dependencies": [
            "aws_eip.drnat_eip",
            "aws_internet_gateway.drigw",
            "aws_nat_gateway.drnat",
            "aws_subnet.drpubSN",
            "aws_vpc.dr"
          ]
        }
      ]
    },
    {
      "mode": "managed",
      "type": "aws_route_table",
      "name": "public_rt",
      "provider": "provider[\"registry.terraform.io/hashicorp/aws\"]",
      "instances": [
        {
          "schema_version": 0,
          "attributes": {
            "arn": "arn:aws:ec2:ap-southeast-1:536548358674:route-table/rtb-0e2d30ecee7421a54",
            "id": "rtb-0e2d30ecee7421a54",
            "owner_id": "536548358674",
            "propagating_vgws": [],
            "region": "ap-southeast-1",
            "route": [
              {
                "carrier_gateway_id": "",
                "cidr_block": "0.0.0.0/0",
                "core_network_arn": "",
                "destination_prefix_list_id": "",
                "egress_only_gateway_id": "",
                "gateway_id": "igw-0f13aa8bc41ffa1c9",
                "ipv6_cidr_block": "",
                "local_gateway_id": "",
                "nat_gateway_id": "",
                "network_interface_id": "",
                "transit_gateway_id": "",
                "vpc_endpoint_id": "",
                "vpc_peering_connection_id": ""
              }
            ],
            "tags": {
              "Name": "public_rt"
            },
            "tags_all": {
              "Name": "public_rt"
            },
            "timeouts": null,
            "vpc_id": "vpc-0915106a508616cbe"
          },
          "sensitive_attributes": [],
          "identity_schema_version": 0,
          "identity": {
            "account_id": "536548358674",
            "id": "rtb-0e2d30ecee7421a54",
            "region": "ap-southeast-1"
          },
          "private": "eyJlMmJmYjczMC1lY2FhLTExZTYtOGY4OC0zNDM2M2JjN2M0YzAiOnsiY3JlYXRlIjozMDAwMDAwMDAwMDAsImRlbGV0ZSI6MzAwMDAwMDAwMDAwLCJ1cGRhdGUiOjEyMDAwMDAwMDAwMH19",
          "dependencies": [
            "aws_internet_gateway.drigw",
            "aws_vpc.dr"
          ]
        }
      ]
    },
    {
      "mode": "managed",
      "type": "aws_route_table_association",
      "name": "private_assoc",
      "provider": "provider[\"registry.terraform.io/hashicorp/aws\"]",
      "instances": [
        {
          "schema_version": 0,
          "attributes": {
            "gateway_id": "",
            "id": "rtbassoc-0b74c8edecbbb9c3d",
            "region": "ap-southeast-1",
            "route_table_id": "rtb-0c00448870d67978d",
            "subnet_id": "subnet-097628478a3225a70",
            "timeouts": null
          },
          "sensitive_attributes": [],
          "identity_schema_version": 0,
          "private": "eyJlMmJmYjczMC1lY2FhLTExZTYtOGY4OC0zNDM2M2JjN2M0YzAiOnsiY3JlYXRlIjozMDAwMDAwMDAwMDAsImRlbGV0ZSI6MzAwMDAwMDAwMDAwLCJ1cGRhdGUiOjEyMDAwMDAwMDAwMH19",
          "dependencies": [
            "aws_eip.drnat_eip",
            "aws_internet_gateway.drigw",
            "aws_nat_gateway.drnat",
            "aws_route_table.private_rt",
            "aws_subnet.drprivSN",
            "aws_subnet.drpubSN",
            "aws_vpc.dr"
          ]
        }
      ]
    },
    {
      "mode": "managed",
      "type": "aws_route_table_association",
      "name": "public_assoc",
      "provider": "provider[\"registry.terraform.io/hashicorp/aws\"]",
      "instances": [
        {
          "schema_version": 0,
          "attributes": {
            "gateway_id": "",
            "id": "rtbassoc-0213e8688adee31cc",
            "region": "ap-southeast-1",
            "route_table_id": "rtb-0e2d30ecee7421a54",
            "subnet_id": "subnet-000a2d15e01541ac9",
            "timeouts": null
          },
          "sensitive_attributes": [],
          "identity_schema_version": 0,
          "private": "eyJlMmJmYjczMC1lY2FhLTExZTYtOGY4OC0zNDM2M2JjN2M0YzAiOnsiY3JlYXRlIjozMDAwMDAwMDAwMDAsImRlbGV0ZSI6MzAwMDAwMDAwMDAwLCJ1cGRhdGUiOjEyMDAwMDAwMDAwMH19",
          "dependencies": [
            "aws_internet_gateway.drigw",
            "aws_route_table.public_rt",
            "aws_subnet.drpubSN",
            "aws_vpc.dr"
          ]
        }
      ]
    },
    {
      "mode": "managed",
      "type": "aws_route_table_association",
      "name": "public_assoc2",
      "provider": "provider[\"registry.terraform.io/hashicorp/aws\"]",
      "instances": [
        {
          "schema_version": 0,
          "attributes": {
            "gateway_id": "",
            "id": "rtbassoc-052ba1995a9e05add",
            "region": "ap-southeast-1",
            "route_table_id": "rtb-0e2d30ecee7421a54",
            "subnet_id": "subnet-0d69bd694a8891053",
            "timeouts": null
          },
          "sensitive_attributes": [],
          "identity_schema_version": 0,
          "private": "eyJlMmJmYjczMC1lY2FhLTExZTYtOGY4OC0zNDM2M2JjN2M0YzAiOnsiY3JlYXRlIjozMDAwMDAwMDAwMDAsImRlbGV0ZSI6MzAwMDAwMDAwMDAwLCJ1cGRhdGUiOjEyMDAwMDAwMDAwMH19",
          "dependencies": [
            "aws_internet_gateway.drigw",
            "aws_route_table.public_rt",
            "aws_subnet.drpubSN2",
            "aws_vpc.dr"
          ]
        }
      ]
    },
    {
      "mode": "managed",
      "type": "aws_security_group",
      "name": "alb_sg",
      "provider": "provider[\"registry.terraform.io/hashicorp/aws\"]",
      "instances": [
        {
          "schema_version": 1,
          "attributes": {
            "arn": "arn:aws:ec2:ap-southeast-1:536548358674:security-group/sg-040e31e60d0591e43",
            "description": "ALB SG: allow inbound 80/443 from Internet",
            "egress": [],
            "id": "sg-040e31e60d0591e43",
            "ingress": [],
            "name": "dr-alb-sg",
            "name_prefix": "",
            "owner_id": "536548358674",
            "region": "ap-southeast-1",
            "revoke_rules_on_delete": false,
            "tags": {
              "Name": "dr-alb-sg"
            },
            "tags_all": {
              "Name": "dr-alb-sg"
            },
            "timeouts": null,
            "vpc_id": "vpc-0915106a508616cbe"
          },
          "sensitive_attributes": [],
          "identity_schema_version": 0,
          "identity": {
            "account_id": "536548358674",
            "id": "sg-040e31e60d0591e43",
            "region": "ap-southeast-1"
          },
          "private": "eyJlMmJmYjczMC1lY2FhLTExZTYtOGY4OC0zNDM2M2JjN2M0YzAiOnsiY3JlYXRlIjo2MDAwMDAwMDAwMDAsImRlbGV0ZSI6OTAwMDAwMDAwMDAwfSwic2NoZW1hX3ZlcnNpb24iOiIxIn0=",
          "dependencies": [
            "aws_vpc.dr"
          ]
        }
      ]
    },
    {
      "mode": "managed",
      "type": "aws_security_group",
      "name": "drSG",
      "provider": "provider[\"registry.terraform.io/hashicorp/aws\"]",
      "instances": [
        {
          "schema_version": 1,
          "attributes": {
            "arn": "arn:aws:ec2:ap-southeast-1:536548358674:security-group/sg-0a4b7bcc36fc08c2d",
            "description": "EC2 SG: allow from ALB only",
            "egress": [],
            "id": "sg-0a4b7bcc36fc08c2d",
            "ingress": [],
            "name": "drSG",
            "name_prefix": "",
            "owner_id": "536548358674",
            "region": "ap-southeast-1",
            "revoke_rules_on_delete": false,
            "tags": {
              "Name": "drSG"
            },
            "tags_all": {
              "Name": "drSG"
            },
            "timeouts": null,
            "vpc_id": "vpc-0915106a508616cbe"
          },
          "sensitive_attributes": [],
          "identity_schema_version": 0,
          "identity": {
            "account_id": "536548358674",
            "id": "sg-0a4b7bcc36fc08c2d",
            "region": "ap-southeast-1"
          },
          "private": "eyJlMmJmYjczMC1lY2FhLTExZTYtOGY4OC0zNDM2M2JjN2M0YzAiOnsiY3JlYXRlIjo2MDAwMDAwMDAwMDAsImRlbGV0ZSI6OTAwMDAwMDAwMDAwfSwic2NoZW1hX3ZlcnNpb24iOiIxIn0=",
          "dependencies": [
            "aws_vpc.dr"
          ]
        }
      ]
    },
    {
      "mode": "managed",
      "type": "aws_subnet",
      "name": "drprivSN",
      "provider": "provider[\"registry.terraform.io/hashicorp/aws\"]",
      "instances": [
        {
          "schema_version": 1,
          "attributes": {
            "arn": "arn:aws:ec2:ap-southeast-1:536548358674:subnet/subnet-097628478a3225a70",
            "assign_ipv6_address_on_creation": false,
            "availability_zone": "ap-southeast-1a",
            "availability_zone_id": "apse1-az2",
            "cidr_block": "10.0.2.0/24",
            "customer_owned_ipv4_pool": "",
            "enable_dns64": false,
            "enable_lni_at_device_index": 0,
            "enable_resource_name_dns_a_record_on_launch": false,
            "enable_resource_name_dns_aaaa_record_on_launch": false,
            "id": "subnet-097628478a3225a70",
            "ipv4_ipam_pool_id": null,
            "ipv4_netmask_length": null,
            "ipv6_cidr_block": "",
            "ipv6_cidr_block_association_id": "",
            "ipv6_ipam_pool_id": null,
            "ipv6_native": false,
            "ipv6_netmask_length": null,
            "map_customer_owned_ip_on_launch": false,
            "map_public_ip_on_launch": false,
            "outpost_arn": "",
            "owner_id": "536548358674",
            "private_dns_hostname_type_on_launch": "ip-name",
            "region": "ap-southeast-1",
            "tags": {
              "Name": "drprivSN"
            },
            "tags_all": {
              "Name": "drprivSN"
            },
            "timeouts": null,
            "vpc_id": "vpc-0915106a508616cbe"
          },
          "sensitive_attributes": [],
          "identity_schema_version": 0,
          "identity": {
            "account_id": "536548358674",
            "id": "subnet-097628478a3225a70",
            "region": "ap-southeast-1"
          },
          "private": "eyJlMmJmYjczMC1lY2FhLTExZTYtOGY4OC0zNDM2M2JjN2M0YzAiOnsiY3JlYXRlIjo2MDAwMDAwMDAwMDAsImRlbGV0ZSI6MTIwMDAwMDAwMDAwMH0sInNjaGVtYV92ZXJzaW9uIjoiMSJ9",
          "dependencies": [
            "aws_vpc.dr"
          ]
        }
      ]
    },
    {
      "mode": "managed",
      "type": "aws_subnet",
      "name": "drpubSN",
      "provider": "provider[\"registry.terraform.io/hashicorp/aws\"]",
      "instances": [
        {
          "schema_version": 1,
          "attributes": {
            "arn": "arn:aws:ec2:ap-southeast-1:536548358674:subnet/subnet-000a2d15e01541ac9",
            "assign_ipv6_address_on_creation": false,
            "availability_zone": "ap-southeast-1a",
            "availability_zone_id": "apse1-az2",
            "cidr_block": "10.0.1.0/24",
            "customer_owned_ipv4_pool": "",
            "enable_dns64": false,
            "enable_lni_at_device_index": 0,
            "enable_resource_name_dns_a_record_on_launch": false,
            "enable_resource_name_dns_aaaa_record_on_launch": false,
            "id": "subnet-000a2d15e01541ac9",
            "ipv4_ipam_pool_id": null,
            "ipv4_netmask_length": null,
            "ipv6_cidr_block": "",
            "ipv6_cidr_block_association_id": "",
            "ipv6_ipam_pool_id": null,
            "ipv6_native": false,
            "ipv6_netmask_length": null,
            "map_customer_owned_ip_on_launch": false,
            "map_public_ip_on_launch": true,
            "outpost_arn": "",
            "owner_id": "536548358674",
            "private_dns_hostname_type_on_launch": "ip-name",
            "region": "ap-southeast-1",
            "tags": {
              "Name": "drpubSN"
            },
            "tags_all": {
              "Name": "drpubSN"
            },
            "timeouts": null,
            "vpc_id": "vpc-0915106a508616cbe"
          },
          "sensitive_attributes": [],
          "identity_schema_version": 0,
          "identity": {
            "account_id": "536548358674",
            "id": "subnet-000a2d15e01541ac9",
            "region": "ap-southeast-1"
          },
          "private": "eyJlMmJmYjczMC1lY2FhLTExZTYtOGY4OC0zNDM2M2JjN2M0YzAiOnsiY3JlYXRlIjo2MDAwMDAwMDAwMDAsImRlbGV0ZSI6MTIwMDAwMDAwMDAwMH0sInNjaGVtYV92ZXJzaW9uIjoiMSJ9",
          "dependencies": [
            "aws_vpc.dr"
          ]
        }
      ]
    },
    {
      "mode": "managed",
      "type": "aws_subnet",
      "name": "drpubSN2",
      "provider": "provider[\"registry.terraform.io/hashicorp/aws\"]",
      "instances": [
        {
          "schema_version": 1,
          "attributes": {
            "arn": "arn:aws:ec2:ap-southeast-1:536548358674:subnet/subnet-0d69bd694a8891053",
            "assign_ipv6_address_on_creation": false,
            "availability_zone": "ap-southeast-1b",
            "availability_zone_id": "apse1-az1",
            "cidr_block": "10.0.3.0/24",
            "customer_owned_ipv4_pool": "",
            "enable_dns64": false,
            "enable_lni_at_device_index": 0,
            "enable_resource_name_dns_a_record_on_launch": false,
            "enable_resource_name_dns_aaaa_record_on_launch": false,
            "id": "subnet-0d69bd694a8891053",
            "ipv4_ipam_pool_id": null,
            "ipv4_netmask_length": null,
            "ipv6_cidr_block": "",
            "ipv6_cidr_block_association_id": "",
            "ipv6_ipam_pool_id": null,
            "ipv6_native": false,
            "ipv6_netmask_length": null,
            "map_customer_owned_ip_on_launch": false,
            "map_public_ip_on_launch": true,
            "outpost_arn": "",
            "owner_id": "536548358674",
            "private_dns_hostname_type_on_launch": "ip-name",
            "region": "ap-southeast-1",
            "tags": {
              "Name": "drpubSN2"
            },
            "tags_all": {
              "Name": "drpubSN2"
            },
            "timeouts": null,
            "vpc_id": "vpc-0915106a508616cbe"
          },
          "sensitive_attributes": [],
          "identity_schema_version": 0,
          "identity": {
            "account_id": "536548358674",
            "id": "subnet-0d69bd694a8891053",
            "region": "ap-southeast-1"
          },
          "private": "eyJlMmJmYjczMC1lY2FhLTExZTYtOGY4OC0zNDM2M2JjN2M0YzAiOnsiY3JlYXRlIjo2MDAwMDAwMDAwMDAsImRlbGV0ZSI6MTIwMDAwMDAwMDAwMH0sInNjaGVtYV92ZXJzaW9uIjoiMSJ9",
          "dependencies": [
            "aws_vpc.dr"
          ]
        }
      ]
    },
    {
      "mode": "managed",
      "type": "aws_vpc",
      "name": "dr",
      "provider": "provider[\"registry.terraform.io/hashicorp/aws\"]",
      "instances": [
        {
          "schema_version": 1,
          "attributes": {
            "arn": "arn:aws:ec2:ap-southeast-1:536548358674:vpc/vpc-0915106a508616cbe",
            "assign_generated_ipv6_cidr_block": false,
            "cidr_block": "10.0.0.0/16",
            "default_network_acl_id": "acl-008f3e19cd74d383d",
            "default_route_table_id": "rtb-07e013a6b9991b8f9",
            "default_security_group_id": "sg-07286d74bf35486db",
            "dhcp_options_id": "dopt-0aa5906e7cada687f",
            "enable_dns_hostnames": true,
            "enable_dns_support": true,
            "enable_network_address_usage_metrics": false,
            "id": "vpc-0915106a508616cbe",
            "instance_tenancy": "default",
            "ipv4_ipam_pool_id": null,
            "ipv4_netmask_length": null,
            "ipv6_association_id": "",
            "ipv6_cidr_block": "",
            "ipv6_cidr_block_network_border_group": "",
            "ipv6_ipam_pool_id": "",
            "ipv6_netmask_length": 0,
            "main_route_table_id": "rtb-07e013a6b9991b8f9",
            "owner_id": "536548358674",
            "region": "ap-southeast-1",
            "tags": {
              "Name": "dr"
            },
            "tags_all": {
              "Name": "dr"
            }
          },
          "sensitive_attributes": [],
          "identity_schema_version": 0,
          "identity": {
            "account_id": "536548358674",
            "id": "vpc-0915106a508616cbe",
            "region": "ap-southeast-1"
          },
          "private": "eyJzY2hlbWFfdmVyc2lvbiI6IjEifQ=="
        }
      ]
    },
    {
      "mode": "managed",
      "type": "aws_vpc_security_group_egress_rule",
      "name": "alb_all_out",
      "provider": "provider[\"registry.terraform.io/hashicorp/aws\"]",
      "instances": [
        {
          "schema_version": 0,
          "attributes": {
            "arn": "arn:aws:ec2:ap-southeast-1:536548358674:security-group-rule/sgr-0117bcd0e7a2d1294",
            "cidr_ipv4": "0.0.0.0/0",
            "cidr_ipv6": null,
            "description": null,
            "from_port": null,
            "id": "sgr-0117bcd0e7a2d1294",
            "ip_protocol": "-1",
            "prefix_list_id": null,
            "referenced_security_group_id": null,
            "region": "ap-southeast-1",
            "security_group_id": "sg-040e31e60d0591e43",
            "security_group_rule_id": "sgr-0117bcd0e7a2d1294",
            "tags": null,
            "tags_all": {},
            "to_port": null
          },
          "sensitive_attributes": [],
          "identity_schema_version": 0,
          "identity": {
            "account_id": "536548358674",
            "id": "sgr-0117bcd0e7a2d1294",
            "region": "ap-southeast-1"
          },
          "dependencies": [
            "aws_security_group.alb_sg",
            "aws_vpc.dr"
          ]
        }
      ]
    },
    {
      "mode": "managed",
      "type": "aws_vpc_security_group_egress_rule",
      "name": "allow_all_traffic_ipv4",
      "provider": "provider[\"registry.terraform.io/hashicorp/aws\"]",
      "instances": [
        {
          "schema_version": 0,
          "attributes": {
            "arn": "arn:aws:ec2:ap-southeast-1:536548358674:security-group-rule/sgr-0137b379e0295274e",
            "cidr_ipv4": "0.0.0.0/0",
            "cidr_ipv6": null,
            "description": null,
            "from_port": null,
            "id": "sgr-0137b379e0295274e",
            "ip_protocol": "-1",
            "prefix_list_id": null,
            "referenced_security_group_id": null,
            "region": "ap-southeast-1",
            "security_group_id": "sg-0a4b7bcc36fc08c2d",
            "security_group_rule_id": "sgr-0137b379e0295274e",
            "tags": null,
            "tags_all": {},
            "to_port": null
          },
          "sensitive_attributes": [],
          "identity_schema_version": 0,
          "identity": {
            "account_id": "536548358674",
            "id": "sgr-0137b379e0295274e",
            "region": "ap-southeast-1"
          },
          "dependencies": [
            "aws_security_group.drSG",
            "aws_vpc.dr"
          ]
        }
      ]
    },
    {
      "mode": "managed",
      "type": "aws_vpc_security_group_ingress_rule",
      "name": "alb_http",
      "provider": "provider[\"registry.terraform.io/hashicorp/aws\"]",
      "instances": [
        {
          "schema_version": 0,
          "attributes": {
            "arn": "arn:aws:ec2:ap-southeast-1:536548358674:security-group-rule/sgr-07124a52bfa389969",
            "cidr_ipv4": "0.0.0.0/0",
            "cidr_ipv6": null,
            "description": "HTTP from Internet",
            "from_port": 80,
            "id": "sgr-07124a52bfa389969",
            "ip_protocol": "tcp",
            "prefix_list_id": null,
            "referenced_security_group_id": null,
            "region": "ap-southeast-1",
            "security_group_id": "sg-040e31e60d0591e43",
            "security_group_rule_id": "sgr-07124a52bfa389969",
            "tags": null,
            "tags_all": {},
            "to_port": 80
          },
          "sensitive_attributes": [],
          "identity_schema_version": 0,
          "identity": {
            "account_id": "536548358674",
            "id": "sgr-07124a52bfa389969",
            "region": "ap-southeast-1"
          },
          "dependencies": [
            "aws_security_group.alb_sg",
            "aws_vpc.dr"
          ]
        }
      ]
    },
    {
      "mode": "managed",
      "type": "aws_vpc_security_group_ingress_rule",
      "name": "alb_https",
      "provider": "provider[\"registry.terraform.io/hashicorp/aws\"]",
      "instances": [
        {
          "schema_version": 0,
          "attributes": {
            "arn": "arn:aws:ec2:ap-southeast-1:536548358674:security-group-rule/sgr-0d147f7cad26d38a2",
            "cidr_ipv4": "0.0.0.0/0",
            "cidr_ipv6": null,
            "description": "HTTPS from Internet",
            "from_port": 443,
            "id": "sgr-0d147f7cad26d38a2",
            "ip_protocol": "tcp",
            "prefix_list_id": null,
            "referenced_security_group_id": null,
            "region": "ap-southeast-1",
            "security_group_id": "sg-040e31e60d0591e43",
            "security_group_rule_id": "sgr-0d147f7cad26d38a2",
            "tags": null,
            "tags_all": {},
            "to_port": 443
          },
          "sensitive_attributes": [],
          "identity_schema_version": 0,
          "identity": {
            "account_id": "536548358674",
            "id": "sgr-0d147f7cad26d38a2",
            "region": "ap-southeast-1"
          },
          "dependencies": [
            "aws_security_group.alb_sg",
            "aws_vpc.dr"
          ]
        }
      ]
    },
    {
      "mode": "managed",
      "type": "aws_vpc_security_group_ingress_rule",
      "name": "dr_ec2_from_alb_http",
      "provider": "provider[\"registry.terraform.io/hashicorp/aws\"]",
      "instances": [
        {
          "schema_version": 0,
          "attributes": {
            "arn": "arn:aws:ec2:ap-southeast-1:536548358674:security-group-rule/sgr-0e7de01ec810361fd",
            "cidr_ipv4": null,
            "cidr_ipv6": null,
            "description": "HTTP from ALB only",
            "from_port": 80,
            "id": "sgr-0e7de01ec810361fd",
            "ip_protocol": "tcp",
            "prefix_list_id": null,
            "referenced_security_group_id": "sg-040e31e60d0591e43",
            "region": "ap-southeast-1",
            "security_group_id": "sg-0a4b7bcc36fc08c2d",
            "security_group_rule_id": "sgr-0e7de01ec810361fd",
            "tags": null,
            "tags_all": {},
            "to_port": 80
          },
          "sensitive_attributes": [],
          "identity_schema_version": 0,
          "identity": {
            "account_id": "536548358674",
            "id": "sgr-0e7de01ec810361fd",
            "region": "ap-southeast-1"
          },
          "dependencies": [
            "aws_security_group.alb_sg",
            "aws_security_group.drSG",
            "aws_vpc.dr"
          ]
        }
      ]
    },
    {
      "mode": "managed",
      "type": "aws_vpc_security_group_ingress_rule",
      "name": "dr_ec2_icmp",
      "provider": "provider[\"registry.terraform.io/hashicorp/aws\"]",
      "instances": [
        {
          "schema_version": 0,
          "attributes": {
            "arn": "arn:aws:ec2:ap-southeast-1:536548358674:security-group-rule/sgr-062ac749f351bcf27",
            "cidr_ipv4": "0.0.0.0/0",
            "cidr_ipv6": null,
            "description": "ICMP (ping) ",
            "from_port": -1,
            "id": "sgr-062ac749f351bcf27",
            "ip_protocol": "icmp",
            "prefix_list_id": null,
            "referenced_security_group_id": null,
            "region": "ap-southeast-1",
            "security_group_id": "sg-0a4b7bcc36fc08c2d",
            "security_group_rule_id": "sgr-062ac749f351bcf27",
            "tags": null,
            "tags_all": {},
            "to_port": -1
          },
          "sensitive_attributes": [],
          "identity_schema_version": 0,
          "identity": {
            "account_id": "536548358674",
            "id": "sgr-062ac749f351bcf27",
            "region": "ap-southeast-1"
          },
          "dependencies": [
            "aws_security_group.drSG",
            "aws_vpc.dr"
          ]
        }
      ]
    },
    {
      "mode": "managed",
      "type": "aws_vpc_security_group_ingress_rule",
      "name": "dr_ec2_ssh",
      "provider": "provider[\"registry.terraform.io/hashicorp/aws\"]",
      "instances": [
        {
          "schema_version": 0,
          "attributes": {
            "arn": "arn:aws:ec2:ap-southeast-1:536548358674:security-group-rule/sgr-0208743b767bcfefd",
            "cidr_ipv4": "0.0.0.0/0",
            "cidr_ipv6": null,
            "description": "SSH (recommend restrict to your IP or use SSM only)",
            "from_port": 22,
            "id": "sgr-0208743b767bcfefd",
            "ip_protocol": "tcp",
            "prefix_list_id": null,
            "referenced_security_group_id": null,
            "region": "ap-southeast-1",
            "security_group_id": "sg-0a4b7bcc36fc08c2d",
            "security_group_rule_id": "sgr-0208743b767bcfefd",
            "tags": null,
            "tags_all": {},
            "to_port": 22
          },
          "sensitive_attributes": [],
          "identity_schema_version": 0,
          "identity": {
            "account_id": "536548358674",
            "id": "sgr-0208743b767bcfefd",
            "region": "ap-southeast-1"
          },
          "dependencies": [
            "aws_security_group.drSG",
            "aws_vpc.dr"
          ]
        }
      ]
    }
  ],
  "check_results": null
}
