{
  "version": 4,
  "terraform_version": "1.14.4",
  "serial": 234,
  "lineage": "d82a3085-d6b7-8071-8d5d-5d042a779027",
  "outputs": {
    "igw_id": {
      "value": "igw-0818f14217cacbcba",
      "type": "string"
    },
    "nat_gateway_id": {
      "value": "nat-0911f7d46c9fd4d33",
      "type": "string"
    },
    "private_subnet_id": {
      "value": "subnet-09900df889c059c5a",
      "type": "string"
    },
    "public_subnet_id": {
      "value": "subnet-0b096eff585af3b73",
      "type": "string"
    },
    "vpc_id": {
      "value": "vpc-0479154dbd41b465f",
      "type": "string"
    }
  },
  "resources": [
    {
      "mode": "data",
      "type": "aws_ami",
      "name": "amazon_linux_2023",
      "provider": "provider[\"registry.terraform.io/hashicorp/aws\"]",
      "instances": [
        {
          "schema_version": 0,
          "attributes": {
            "allow_unsafe_filter": null,
            "architecture": "x86_64",
            "arn": "arn:aws:ec2:ap-southeast-1::image/ami-039a8ebebdd2a1def",
            "block_device_mappings": [
              {
                "device_name": "/dev/xvda",
                "ebs": {
                  "delete_on_termination": "true",
                  "encrypted": "false",
                  "iops": "3000",
                  "snapshot_id": "snap-0120e52851771e494",
                  "throughput": "125",
                  "volume_initialization_rate": "0",
                  "volume_size": "8",
                  "volume_type": "gp3"
                },
                "no_device": "",
                "virtual_name": ""
              }
            ],
            "boot_mode": "uefi-preferred",
            "creation_date": "2026-01-22T17:35:52.000Z",
            "deprecation_time": "2026-04-22T17:41:00.000Z",
            "description": "Amazon Linux 2023 AMI 2023.10.20260120.4 x86_64 HVM kernel-6.1",
            "ena_support": true,
            "executable_users": null,
            "filter": [
              {
                "name": "name",
                "values": [
                  "al2023-ami-2023.10.*-kernel-6.1-x86_64"
                ]
              },
              {
                "name": "virtualization-type",
                "values": [
                  "hvm"
                ]
              }
            ],
            "hypervisor": "xen",
            "id": "ami-039a8ebebdd2a1def",
            "image_id": "ami-039a8ebebdd2a1def",
            "image_location": "amazon/al2023-ami-2023.10.20260120.4-kernel-6.1-x86_64",
            "image_owner_alias": "amazon",
            "image_type": "machine",
            "imds_support": "v2.0",
            "include_deprecated": false,
            "kernel_id": "",
            "last_launched_time": "",
            "most_recent": true,
            "name": "al2023-ami-2023.10.20260120.4-kernel-6.1-x86_64",
            "name_regex": null,
            "owner_id": "137112412989",
            "owners": [
              "137112412989"
            ],
            "platform": "",
            "platform_details": "Linux/UNIX",
            "product_codes": [],
            "public": true,
            "ramdisk_id": "",
            "region": "ap-southeast-1",
            "root_device_name": "/dev/xvda",
            "root_device_type": "ebs",
            "root_snapshot_id": "snap-0120e52851771e494",
            "sriov_net_support": "simple",
            "state": "available",
            "state_reason": {
              "code": "UNSET",
              "message": "UNSET"
            },
            "tags": {},
            "timeouts": null,
            "tpm_support": "",
            "uefi_data": null,
            "usage_operation": "RunInstances",
            "virtualization_type": "hvm"
          },
          "sensitive_attributes": [],
          "identity_schema_version": 0
        }
      ]
    },
    {
      "mode": "managed",
      "type": "aws_eip",
      "name": "drnat_eip",
      "provider": "provider[\"registry.terraform.io/hashicorp/aws\"]",
      "instances": [
        {
          "schema_version": 0,
          "attributes": {
            "address": null,
            "allocation_id": "eipalloc-03f4fd1d634a12ec3",
            "arn": "arn:aws:ec2:ap-southeast-1:536548358674:elastic-ip/eipalloc-03f4fd1d634a12ec3",
            "associate_with_private_ip": null,
            "association_id": "",
            "carrier_ip": "",
            "customer_owned_ip": "",
            "customer_owned_ipv4_pool": "",
            "domain": "vpc",
            "id": "eipalloc-03f4fd1d634a12ec3",
            "instance": "",
            "ipam_pool_id": null,
            "network_border_group": "ap-southeast-1",
            "network_interface": "",
            "private_dns": null,
            "private_ip": "",
            "ptr_record": "",
            "public_dns": "ec2-18-136-8-173.ap-southeast-1.compute.amazonaws.com",
            "public_ip": "18.136.8.173",
            "public_ipv4_pool": "amazon",
            "region": "ap-southeast-1",
            "tags": {
              "Name": "drnat_eip"
            },
            "tags_all": {
              "Name": "drnat_eip"
            },
            "timeouts": null
          },
          "sensitive_attributes": [],
          "identity_schema_version": 0,
          "private": "eyJlMmJmYjczMC1lY2FhLTExZTYtOGY4OC0zNDM2M2JjN2M0YzAiOnsiZGVsZXRlIjoxODAwMDAwMDAwMDAsInJlYWQiOjkwMDAwMDAwMDAwMCwidXBkYXRlIjozMDAwMDAwMDAwMDB9fQ=="
        }
      ]
    },
    {
      "mode": "managed",
      "type": "aws_iam_instance_profile",
      "name": "dr_ec2_ssm_profile",
      "provider": "provider[\"registry.terraform.io/hashicorp/aws\"]",
      "instances": [
        {
          "schema_version": 0,
          "attributes": {
            "arn": "arn:aws:iam::536548358674:instance-profile/dr-ec2-ssm-profile",
            "create_date": "2026-02-09T06:49:50Z",
            "id": "dr-ec2-ssm-profile",
            "name": "dr-ec2-ssm-profile",
            "name_prefix": "",
            "path": "/",
            "role": "dr-ec2-ssm-role",
            "tags": null,
            "tags_all": {},
            "unique_id": "AIPAXZ3GGHIJK7T2OCD2F"
          },
          "sensitive_attributes": [],
          "identity_schema_version": 0,
          "private": "bnVsbA==",
          "dependencies": [
            "aws_iam_role.dr_ec2_ssm_role"
          ]
        }
      ]
    },
    {
      "mode": "managed",
      "type": "aws_iam_role",
      "name": "dr_ec2_ssm_role",
      "provider": "provider[\"registry.terraform.io/hashicorp/aws\"]",
      "instances": [
        {
          "schema_version": 0,
          "attributes": {
            "arn": "arn:aws:iam::536548358674:role/dr-ec2-ssm-role",
            "assume_role_policy": "{\"Statement\":[{\"Action\":\"sts:AssumeRole\",\"Effect\":\"Allow\",\"Principal\":{\"Service\":\"ec2.amazonaws.com\"},\"Sid\":\"\"}],\"Version\":\"2012-10-17\"}",
            "create_date": "2026-02-09T06:49:49Z",
            "description": "",
            "force_detach_policies": false,
            "id": "dr-ec2-ssm-role",
            "inline_policy": [],
            "managed_policy_arns": [],
            "max_session_duration": 3600,
            "name": "dr-ec2-ssm-role",
            "name_prefix": "",
            "path": "/",
            "permissions_boundary": "",
            "tags": {
              "Name": "dr-ec2-ssm-role"
            },
            "tags_all": {
              "Name": "dr-ec2-ssm-role"
            },
            "unique_id": "AROAXZ3GGHIJGKYDCATVM"
          },
          "sensitive_attributes": [],
          "identity_schema_version": 0,
          "identity": {
            "account_id": "536548358674",
            "name": "dr-ec2-ssm-role"
          },
          "private": "bnVsbA=="
        }
      ]
    },
    {
      "mode": "managed",
      "type": "aws_iam_role_policy_attachment",
      "name": "dr_ec2_policy_attachments",
      "provider": "provider[\"registry.terraform.io/hashicorp/aws\"]",
      "instances": [
        {
          "index_key": "arn:aws:iam::aws:policy/AmazonEC2ContainerRegistryReadOnly",
          "schema_version": 0,
          "attributes": {
            "id": "dr-ec2-ssm-role/arn:aws:iam::aws:policy/AmazonEC2ContainerRegistryReadOnly",
            "policy_arn": "arn:aws:iam::aws:policy/AmazonEC2ContainerRegistryReadOnly",
            "role": "dr-ec2-ssm-role"
          },
          "sensitive_attributes": [],
          "identity_schema_version": 0,
          "identity": {
            "account_id": "536548358674",
            "policy_arn": "arn:aws:iam::aws:policy/AmazonEC2ContainerRegistryReadOnly",
            "role": "dr-ec2-ssm-role"
          },
          "private": "bnVsbA==",
          "dependencies": [
            "aws_iam_role.dr_ec2_ssm_role"
          ]
        },
        {
          "index_key": "arn:aws:iam::aws:policy/AmazonSSMFullAccess",
          "schema_version": 0,
          "attributes": {
            "id": "dr-ec2-ssm-role/arn:aws:iam::aws:policy/AmazonSSMFullAccess",
            "policy_arn": "arn:aws:iam::aws:policy/AmazonSSMFullAccess",
            "role": "dr-ec2-ssm-role"
          },
          "sensitive_attributes": [],
          "identity_schema_version": 0,
          "identity": {
            "account_id": "536548358674",
            "policy_arn": "arn:aws:iam::aws:policy/AmazonSSMFullAccess",
            "role": "dr-ec2-ssm-role"
          },
          "private": "bnVsbA==",
          "dependencies": [
            "aws_iam_role.dr_ec2_ssm_role"
          ]
        },
        {
          "index_key": "arn:aws:iam::aws:policy/AmazonSSMManagedInstanceCore",
          "schema_version": 0,
          "attributes": {
            "id": "dr-ec2-ssm-role/arn:aws:iam::aws:policy/AmazonSSMManagedInstanceCore",
            "policy_arn": "arn:aws:iam::aws:policy/AmazonSSMManagedInstanceCore",
            "role": "dr-ec2-ssm-role"
          },
          "sensitive_attributes": [],
          "identity_schema_version": 0,
          "identity": {
            "account_id": "536548358674",
            "policy_arn": "arn:aws:iam::aws:policy/AmazonSSMManagedInstanceCore",
            "role": "dr-ec2-ssm-role"
          },
          "private": "bnVsbA==",
          "dependencies": [
            "aws_iam_role.dr_ec2_ssm_role"
          ]
        }
      ]
    },
    {
      "mode": "managed",
      "type": "aws_instance",
      "name": "drEC2",
      "provider": "provider[\"registry.terraform.io/hashicorp/aws\"]",
      "instances": [
        {
          "schema_version": 2,
          "attributes": {
            "ami": "ami-039a8ebebdd2a1def",
            "arn": "arn:aws:ec2:ap-southeast-1:536548358674:instance/i-0729ee98fc6af11dd",
            "associate_public_ip_address": false,
            "availability_zone": "ap-southeast-1a",
            "capacity_reservation_specification": [
              {
                "capacity_reservation_preference": "open",
                "capacity_reservation_target": []
              }
            ],
            "cpu_options": [
              {
                "amd_sev_snp": "",
                "core_count": 1,
                "threads_per_core": 2
              }
            ],
            "credit_specification": [
              {
                "cpu_credits": "unlimited"
              }
            ],
            "disable_api_stop": false,
            "disable_api_termination": false,
            "ebs_block_device": [],
            "ebs_optimized": false,
            "enable_primary_ipv6": null,
            "enclave_options": [
              {
                "enabled": false
              }
            ],
            "ephemeral_block_device": [],
            "force_destroy": false,
            "get_password_data": false,
            "hibernation": false,
            "host_id": "",
            "host_resource_group_arn": null,
            "iam_instance_profile": "dr-ec2-ssm-profile",
            "id": "i-0729ee98fc6af11dd",
            "instance_initiated_shutdown_behavior": "stop",
            "instance_lifecycle": "",
            "instance_market_options": [],
            "instance_state": "running",
            "instance_type": "t3.large",
            "ipv6_address_count": 0,
            "ipv6_addresses": [],
            "key_name": "drkeypair",
            "launch_template": [],
            "maintenance_options": [
              {
                "auto_recovery": "default"
              }
            ],
            "metadata_options": [
              {
                "http_endpoint": "enabled",
                "http_protocol_ipv6": "disabled",
                "http_put_response_hop_limit": 2,
                "http_tokens": "required",
                "instance_metadata_tags": "disabled"
              }
            ],
            "monitoring": false,
            "network_interface": [],
            "outpost_arn": "",
            "password_data": "",
            "placement_group": "",
            "placement_group_id": "",
            "placement_partition_number": 0,
            "primary_network_interface": [
              {
                "delete_on_termination": true,
                "network_interface_id": "eni-0587c6b253f31a436"
              }
            ],
            "primary_network_interface_id": "eni-0587c6b253f31a436",
            "private_dns": "ip-10-0-2-225.ap-southeast-1.compute.internal",
            "private_dns_name_options": [
              {
                "enable_resource_name_dns_a_record": false,
                "enable_resource_name_dns_aaaa_record": false,
                "hostname_type": "ip-name"
              }
            ],
            "private_ip": "10.0.2.225",
            "public_dns": "",
            "public_ip": "",
            "region": "ap-southeast-1",
            "root_block_device": [
              {
                "delete_on_termination": true,
                "device_name": "/dev/xvda",
                "encrypted": false,
                "iops": 3000,
                "kms_key_id": "",
                "tags": {},
                "tags_all": {},
                "throughput": 125,
                "volume_id": "vol-007bbc014e2e1dae2",
                "volume_size": 8,
                "volume_type": "gp3"
              }
            ],
            "secondary_private_ips": [],
            "security_groups": [],
            "source_dest_check": true,
            "spot_instance_request_id": "",
            "subnet_id": "subnet-09900df889c059c5a",
            "tags": {
              "Name": "drEC2"
            },
            "tags_all": {
              "Name": "drEC2"
            },
            "tenancy": "default",
            "timeouts": null,
            "user_data": null,
            "user_data_base64": "IyEvYmluL2Jhc2gKc2V0IC1ldXhvIHBpcGVmYWlsCgojIOuhnOq3uCDrgqjquLDquLAgKOusuOygnCDsg53quLDrqbQg7Jes6riwIOuztOuptCDrkKgpCmV4ZWMgPiA+KHRlZSAvdmFyL2xvZy91c2VyLWRhdGEtazNzLmxvZyB8IGxvZ2dlciAtdCB1c2VyLWRhdGEgLXMgMj4vZGV2L2NvbnNvbGUpIDI+JjEKCgoKIyBrM3Mg7ISk7LmYICjri6jsnbwg64W465OcOiBzZXJ2ZXIgKyBhZ2VudCkKIyBrdWJlY29uZmlnIOq2jO2VnCDsmYTtmZQo7YWM7Iqk7Yq47JqpKQpjdXJsIC1zZkwgaHR0cHM6Ly9nZXQuazNzLmlvIHwgSU5TVEFMTF9LM1NfRVhFQz0ic2VydmVyIC0td3JpdGUta3ViZWNvbmZpZy1tb2RlIDY0NCIgc2ggLQoKIyDshJzruYTsiqQg7ZmV7J24CnN5c3RlbWN0bCBlbmFibGUgLS1ub3cgazNzCnNsZWVwIDUKazNzIGt1YmVjdGwgZ2V0IG5vZGVzIC1vIHdpZGUgfHwgdHJ1ZQo=",
            "user_data_replace_on_change": true,
            "volume_tags": null,
            "vpc_security_group_ids": [
              "sg-082fdc971788e9cad"
            ]
          },
          "sensitive_attributes": [],
          "identity_schema_version": 0,
          "identity": {
            "account_id": "536548358674",
            "id": "i-0729ee98fc6af11dd",
            "region": "ap-southeast-1"
          },
          "private": "eyJlMmJmYjczMC1lY2FhLTExZTYtOGY4OC0zNDM2M2JjN2M0YzAiOnsiY3JlYXRlIjo2MDAwMDAwMDAwMDAsImRlbGV0ZSI6MTIwMDAwMDAwMDAwMCwicmVhZCI6OTAwMDAwMDAwMDAwLCJ1cGRhdGUiOjYwMDAwMDAwMDAwMH0sInNjaGVtYV92ZXJzaW9uIjoiMiJ9",
          "dependencies": [
            "aws_iam_instance_profile.dr_ec2_ssm_profile",
            "aws_iam_role.dr_ec2_ssm_role",
            "aws_key_pair.drkeypair",
            "aws_security_group.drSG",
            "aws_subnet.drprivSN",
            "aws_vpc.dr",
            "data.aws_ami.amazon_linux_2023"
          ]
        }
      ]
    },
    {
      "mode": "managed",
      "type": "aws_internet_gateway",
      "name": "drigw",
      "provider": "provider[\"registry.terraform.io/hashicorp/aws\"]",
      "instances": [
        {
          "schema_version": 0,
          "attributes": {
            "arn": "arn:aws:ec2:ap-southeast-1:536548358674:internet-gateway/igw-0818f14217cacbcba",
            "id": "igw-0818f14217cacbcba",
            "owner_id": "536548358674",
            "region": "ap-southeast-1",
            "tags": {
              "Name": "drigw"
            },
            "tags_all": {
              "Name": "drigw"
            },
            "timeouts": null,
            "vpc_id": "vpc-0479154dbd41b465f"
          },
          "sensitive_attributes": [],
          "identity_schema_version": 0,
          "private": "eyJlMmJmYjczMC1lY2FhLTExZTYtOGY4OC0zNDM2M2JjN2M0YzAiOnsiY3JlYXRlIjoxMjAwMDAwMDAwMDAwLCJkZWxldGUiOjEyMDAwMDAwMDAwMDAsInVwZGF0ZSI6MTIwMDAwMDAwMDAwMH19",
          "dependencies": [
            "aws_vpc.dr"
          ]
        }
      ]
    },
    {
      "mode": "managed",
      "type": "aws_key_pair",
      "name": "drkeypair",
      "provider": "provider[\"registry.terraform.io/hashicorp/aws\"]",
      "instances": [
        {
          "schema_version": 1,
          "attributes": {
            "arn": "arn:aws:ec2:ap-southeast-1:536548358674:key-pair/drkeypair",
            "fingerprint": "7btv9v1j0SWewNW1oUDLiPDy2xogWvBEi3YS38yxpNk=",
            "id": "drkeypair",
            "key_name": "drkeypair",
            "key_name_prefix": "",
            "key_pair_id": "key-041353ebe9b6bbe63",
            "key_type": "ed25519",
            "public_key": "ssh-ed25519 AAAAC3NzaC1lZDI1NTE5AAAAIJGnd/WMsHXiUxrco7P4NQokhZS3ZY4b7lm1Nf9onJBV root@ansible.example.com",
            "region": "ap-southeast-1",
            "tags": null,
            "tags_all": {}
          },
          "sensitive_attributes": [],
          "identity_schema_version": 0,
          "private": "eyJzY2hlbWFfdmVyc2lvbiI6IjEifQ=="
        }
      ]
    },
    {
      "mode": "managed",
      "type": "aws_nat_gateway",
      "name": "drnat",
      "provider": "provider[\"registry.terraform.io/hashicorp/aws\"]",
      "instances": [
        {
          "schema_version": 0,
          "attributes": {
            "allocation_id": "eipalloc-03f4fd1d634a12ec3",
            "association_id": "eipassoc-0d80d784229631308",
            "auto_provision_zones": null,
            "auto_scaling_ips": null,
            "availability_mode": "zonal",
            "availability_zone_address": [],
            "connectivity_type": "public",
            "id": "nat-0911f7d46c9fd4d33",
            "network_interface_id": "eni-0bdf2e037aab5e80b",
            "private_ip": "10.0.1.17",
            "public_ip": "18.136.8.173",
            "region": "ap-southeast-1",
            "regional_nat_gateway_address": [],
            "regional_nat_gateway_auto_mode": null,
            "route_table_id": null,
            "secondary_allocation_ids": [],
            "secondary_private_ip_address_count": 0,
            "secondary_private_ip_addresses": [],
            "subnet_id": "subnet-0b096eff585af3b73",
            "tags": {
              "Name": "drnat"
            },
            "tags_all": {
              "Name": "drnat"
            },
            "timeouts": null,
            "vpc_id": "vpc-0479154dbd41b465f"
          },
          "sensitive_attributes": [],
          "identity_schema_version": 0,
          "private": "eyJlMmJmYjczMC1lY2FhLTExZTYtOGY4OC0zNDM2M2JjN2M0YzAiOnsiY3JlYXRlIjo2MDAwMDAwMDAwMDAsImRlbGV0ZSI6MTgwMDAwMDAwMDAwMCwidXBkYXRlIjo2MDAwMDAwMDAwMDB9fQ==",
          "dependencies": [
            "aws_eip.drnat_eip",
            "aws_internet_gateway.drigw",
            "aws_subnet.drpubSN",
            "aws_vpc.dr"
          ]
        }
      ]
    },
    {
      "mode": "managed",
      "type": "aws_route_table",
      "name": "private_rt",
      "provider": "provider[\"registry.terraform.io/hashicorp/aws\"]",
      "instances": [
        {
          "schema_version": 0,
          "attributes": {
            "arn": "arn:aws:ec2:ap-southeast-1:536548358674:route-table/rtb-014ea46f35239329e",
            "id": "rtb-014ea46f35239329e",
            "owner_id": "536548358674",
            "propagating_vgws": [],
            "region": "ap-southeast-1",
            "route": [
              {
                "carrier_gateway_id": "",
                "cidr_block": "0.0.0.0/0",
                "core_network_arn": "",
                "destination_prefix_list_id": "",
                "egress_only_gateway_id": "",
                "gateway_id": "",
                "ipv6_cidr_block": "",
                "local_gateway_id": "",
                "nat_gateway_id": "nat-0911f7d46c9fd4d33",
                "network_interface_id": "",
                "transit_gateway_id": "",
                "vpc_endpoint_id": "",
                "vpc_peering_connection_id": ""
              }
            ],
            "tags": {
              "Name": "private_rt"
            },
            "tags_all": {
              "Name": "private_rt"
            },
            "timeouts": null,
            "vpc_id": "vpc-0479154dbd41b465f"
          },
          "sensitive_attributes": [],
          "identity_schema_version": 0,
          "identity": {
            "account_id": "536548358674",
            "id": "rtb-014ea46f35239329e",
            "region": "ap-southeast-1"
          },
          "private": "eyJlMmJmYjczMC1lY2FhLTExZTYtOGY4OC0zNDM2M2JjN2M0YzAiOnsiY3JlYXRlIjozMDAwMDAwMDAwMDAsImRlbGV0ZSI6MzAwMDAwMDAwMDAwLCJ1cGRhdGUiOjEyMDAwMDAwMDAwMH19",
          "dependencies": [
            "aws_eip.drnat_eip",
            "aws_internet_gateway.drigw",
            "aws_nat_gateway.drnat",
            "aws_subnet.drpubSN",
            "aws_vpc.dr"
          ]
        }
      ]
    },
    {
      "mode": "managed",
      "type": "aws_route_table",
      "name": "public_rt",
      "provider": "provider[\"registry.terraform.io/hashicorp/aws\"]",
      "instances": [
        {
          "schema_version": 0,
          "attributes": {
            "arn": "arn:aws:ec2:ap-southeast-1:536548358674:route-table/rtb-0b7e7658db4f53a38",
            "id": "rtb-0b7e7658db4f53a38",
            "owner_id": "536548358674",
            "propagating_vgws": [],
            "region": "ap-southeast-1",
            "route": [
              {
                "carrier_gateway_id": "",
                "cidr_block": "0.0.0.0/0",
                "core_network_arn": "",
                "destination_prefix_list_id": "",
                "egress_only_gateway_id": "",
                "gateway_id": "igw-0818f14217cacbcba",
                "ipv6_cidr_block": "",
                "local_gateway_id": "",
                "nat_gateway_id": "",
                "network_interface_id": "",
                "transit_gateway_id": "",
                "vpc_endpoint_id": "",
                "vpc_peering_connection_id": ""
              }
            ],
            "tags": {
              "Name": "public_rt"
            },
            "tags_all": {
              "Name": "public_rt"
            },
            "timeouts": null,
            "vpc_id": "vpc-0479154dbd41b465f"
          },
          "sensitive_attributes": [],
          "identity_schema_version": 0,
          "identity": {
            "account_id": "536548358674",
            "id": "rtb-0b7e7658db4f53a38",
            "region": "ap-southeast-1"
          },
          "private": "eyJlMmJmYjczMC1lY2FhLTExZTYtOGY4OC0zNDM2M2JjN2M0YzAiOnsiY3JlYXRlIjozMDAwMDAwMDAwMDAsImRlbGV0ZSI6MzAwMDAwMDAwMDAwLCJ1cGRhdGUiOjEyMDAwMDAwMDAwMH19",
          "dependencies": [
            "aws_internet_gateway.drigw",
            "aws_vpc.dr"
          ]
        }
      ]
    },
    {
      "mode": "managed",
      "type": "aws_route_table_association",
      "name": "private_assoc",
      "provider": "provider[\"registry.terraform.io/hashicorp/aws\"]",
      "instances": [
        {
          "schema_version": 0,
          "attributes": {
            "gateway_id": "",
            "id": "rtbassoc-001fa0984cf44a9f1",
            "region": "ap-southeast-1",
            "route_table_id": "rtb-014ea46f35239329e",
            "subnet_id": "subnet-09900df889c059c5a",
            "timeouts": null
          },
          "sensitive_attributes": [],
          "identity_schema_version": 0,
          "private": "eyJlMmJmYjczMC1lY2FhLTExZTYtOGY4OC0zNDM2M2JjN2M0YzAiOnsiY3JlYXRlIjozMDAwMDAwMDAwMDAsImRlbGV0ZSI6MzAwMDAwMDAwMDAwLCJ1cGRhdGUiOjEyMDAwMDAwMDAwMH19",
          "dependencies": [
            "aws_eip.drnat_eip",
            "aws_internet_gateway.drigw",
            "aws_nat_gateway.drnat",
            "aws_route_table.private_rt",
            "aws_subnet.drprivSN",
            "aws_subnet.drpubSN",
            "aws_vpc.dr"
          ]
        }
      ]
    },
    {
      "mode": "managed",
      "type": "aws_route_table_association",
      "name": "public_assoc",
      "provider": "provider[\"registry.terraform.io/hashicorp/aws\"]",
      "instances": [
        {
          "schema_version": 0,
          "attributes": {
            "gateway_id": "",
            "id": "rtbassoc-01474bbabce6957bf",
            "region": "ap-southeast-1",
            "route_table_id": "rtb-0b7e7658db4f53a38",
            "subnet_id": "subnet-0b096eff585af3b73",
            "timeouts": null
          },
          "sensitive_attributes": [],
          "identity_schema_version": 0,
          "private": "eyJlMmJmYjczMC1lY2FhLTExZTYtOGY4OC0zNDM2M2JjN2M0YzAiOnsiY3JlYXRlIjozMDAwMDAwMDAwMDAsImRlbGV0ZSI6MzAwMDAwMDAwMDAwLCJ1cGRhdGUiOjEyMDAwMDAwMDAwMH19",
          "dependencies": [
            "aws_internet_gateway.drigw",
            "aws_route_table.public_rt",
            "aws_subnet.drpubSN",
            "aws_vpc.dr"
          ]
        }
      ]
    },
    {
      "mode": "managed",
      "type": "aws_security_group",
      "name": "drSG",
      "provider": "provider[\"registry.terraform.io/hashicorp/aws\"]",
      "instances": [
        {
          "schema_version": 1,
          "attributes": {
            "arn": "arn:aws:ec2:ap-southeast-1:536548358674:security-group/sg-082fdc971788e9cad",
            "description": "Allow TLS inbound traffic and all outbound traffic",
            "egress": [],
            "id": "sg-082fdc971788e9cad",
            "ingress": [],
            "name": "drSG",
            "name_prefix": "",
            "owner_id": "536548358674",
            "region": "ap-southeast-1",
            "revoke_rules_on_delete": false,
            "tags": {
              "Name": "drSG"
            },
            "tags_all": {
              "Name": "drSG"
            },
            "timeouts": null,
            "vpc_id": "vpc-0479154dbd41b465f"
          },
          "sensitive_attributes": [],
          "identity_schema_version": 0,
          "identity": {
            "account_id": "536548358674",
            "id": "sg-082fdc971788e9cad",
            "region": "ap-southeast-1"
          },
          "private": "eyJlMmJmYjczMC1lY2FhLTExZTYtOGY4OC0zNDM2M2JjN2M0YzAiOnsiY3JlYXRlIjo2MDAwMDAwMDAwMDAsImRlbGV0ZSI6OTAwMDAwMDAwMDAwfSwic2NoZW1hX3ZlcnNpb24iOiIxIn0=",
          "dependencies": [
            "aws_vpc.dr"
          ]
        }
      ]
    },
    {
      "mode": "managed",
      "type": "aws_subnet",
      "name": "drprivSN",
      "provider": "provider[\"registry.terraform.io/hashicorp/aws\"]",
      "instances": [
        {
          "schema_version": 1,
          "attributes": {
            "arn": "arn:aws:ec2:ap-southeast-1:536548358674:subnet/subnet-09900df889c059c5a",
            "assign_ipv6_address_on_creation": false,
            "availability_zone": "ap-southeast-1a",
            "availability_zone_id": "apse1-az2",
            "cidr_block": "10.0.2.0/24",
            "customer_owned_ipv4_pool": "",
            "enable_dns64": false,
            "enable_lni_at_device_index": 0,
            "enable_resource_name_dns_a_record_on_launch": false,
            "enable_resource_name_dns_aaaa_record_on_launch": false,
            "id": "subnet-09900df889c059c5a",
            "ipv4_ipam_pool_id": null,
            "ipv4_netmask_length": null,
            "ipv6_cidr_block": "",
            "ipv6_cidr_block_association_id": "",
            "ipv6_ipam_pool_id": null,
            "ipv6_native": false,
            "ipv6_netmask_length": null,
            "map_customer_owned_ip_on_launch": false,
            "map_public_ip_on_launch": false,
            "outpost_arn": "",
            "owner_id": "536548358674",
            "private_dns_hostname_type_on_launch": "ip-name",
            "region": "ap-southeast-1",
            "tags": {
              "Name": "drprivSN"
            },
            "tags_all": {
              "Name": "drprivSN"
            },
            "timeouts": null,
            "vpc_id": "vpc-0479154dbd41b465f"
          },
          "sensitive_attributes": [],
          "identity_schema_version": 0,
          "identity": {
            "account_id": "536548358674",
            "id": "subnet-09900df889c059c5a",
            "region": "ap-southeast-1"
          },
          "private": "eyJlMmJmYjczMC1lY2FhLTExZTYtOGY4OC0zNDM2M2JjN2M0YzAiOnsiY3JlYXRlIjo2MDAwMDAwMDAwMDAsImRlbGV0ZSI6MTIwMDAwMDAwMDAwMH0sInNjaGVtYV92ZXJzaW9uIjoiMSJ9",
          "dependencies": [
            "aws_vpc.dr"
          ]
        }
      ]
    },
    {
      "mode": "managed",
      "type": "aws_subnet",
      "name": "drpubSN",
      "provider": "provider[\"registry.terraform.io/hashicorp/aws\"]",
      "instances": [
        {
          "schema_version": 1,
          "attributes": {
            "arn": "arn:aws:ec2:ap-southeast-1:536548358674:subnet/subnet-0b096eff585af3b73",
            "assign_ipv6_address_on_creation": false,
            "availability_zone": "ap-southeast-1a",
            "availability_zone_id": "apse1-az2",
            "cidr_block": "10.0.1.0/24",
            "customer_owned_ipv4_pool": "",
            "enable_dns64": false,
            "enable_lni_at_device_index": 0,
            "enable_resource_name_dns_a_record_on_launch": false,
            "enable_resource_name_dns_aaaa_record_on_launch": false,
            "id": "subnet-0b096eff585af3b73",
            "ipv4_ipam_pool_id": null,
            "ipv4_netmask_length": null,
            "ipv6_cidr_block": "",
            "ipv6_cidr_block_association_id": "",
            "ipv6_ipam_pool_id": null,
            "ipv6_native": false,
            "ipv6_netmask_length": null,
            "map_customer_owned_ip_on_launch": false,
            "map_public_ip_on_launch": true,
            "outpost_arn": "",
            "owner_id": "536548358674",
            "private_dns_hostname_type_on_launch": "ip-name",
            "region": "ap-southeast-1",
            "tags": {
              "Name": "drpubSN"
            },
            "tags_all": {
              "Name": "drpubSN"
            },
            "timeouts": null,
            "vpc_id": "vpc-0479154dbd41b465f"
          },
          "sensitive_attributes": [],
          "identity_schema_version": 0,
          "identity": {
            "account_id": "536548358674",
            "id": "subnet-0b096eff585af3b73",
            "region": "ap-southeast-1"
          },
          "private": "eyJlMmJmYjczMC1lY2FhLTExZTYtOGY4OC0zNDM2M2JjN2M0YzAiOnsiY3JlYXRlIjo2MDAwMDAwMDAwMDAsImRlbGV0ZSI6MTIwMDAwMDAwMDAwMH0sInNjaGVtYV92ZXJzaW9uIjoiMSJ9",
          "dependencies": [
            "aws_vpc.dr"
          ]
        }
      ]
    },
    {
      "mode": "managed",
      "type": "aws_vpc",
      "name": "dr",
      "provider": "provider[\"registry.terraform.io/hashicorp/aws\"]",
      "instances": [
        {
          "schema_version": 1,
          "attributes": {
            "arn": "arn:aws:ec2:ap-southeast-1:536548358674:vpc/vpc-0479154dbd41b465f",
            "assign_generated_ipv6_cidr_block": false,
            "cidr_block": "10.0.0.0/16",
            "default_network_acl_id": "acl-02bbd21c1f051ec91",
            "default_route_table_id": "rtb-03ed54d3fb757440d",
            "default_security_group_id": "sg-0a9f3078e1b68838e",
            "dhcp_options_id": "dopt-0aa5906e7cada687f",
            "enable_dns_hostnames": true,
            "enable_dns_support": true,
            "enable_network_address_usage_metrics": false,
            "id": "vpc-0479154dbd41b465f",
            "instance_tenancy": "default",
            "ipv4_ipam_pool_id": null,
            "ipv4_netmask_length": null,
            "ipv6_association_id": "",
            "ipv6_cidr_block": "",
            "ipv6_cidr_block_network_border_group": "",
            "ipv6_ipam_pool_id": "",
            "ipv6_netmask_length": 0,
            "main_route_table_id": "rtb-03ed54d3fb757440d",
            "owner_id": "536548358674",
            "region": "ap-southeast-1",
            "tags": {
              "Name": "dr"
            },
            "tags_all": {
              "Name": "dr"
            }
          },
          "sensitive_attributes": [],
          "identity_schema_version": 0,
          "identity": {
            "account_id": "536548358674",
            "id": "vpc-0479154dbd41b465f",
            "region": "ap-southeast-1"
          },
          "private": "eyJzY2hlbWFfdmVyc2lvbiI6IjEifQ=="
        }
      ]
    },
    {
      "mode": "managed",
      "type": "aws_vpc_security_group_egress_rule",
      "name": "allow_all_traffic_ipv4",
      "provider": "provider[\"registry.terraform.io/hashicorp/aws\"]",
      "instances": [
        {
          "schema_version": 0,
          "attributes": {
            "arn": "arn:aws:ec2:ap-southeast-1:536548358674:security-group-rule/sgr-05a9a51ebc6c26f32",
            "cidr_ipv4": "0.0.0.0/0",
            "cidr_ipv6": null,
            "description": null,
            "from_port": null,
            "id": "sgr-05a9a51ebc6c26f32",
            "ip_protocol": "-1",
            "prefix_list_id": null,
            "referenced_security_group_id": null,
            "region": "ap-southeast-1",
            "security_group_id": "sg-082fdc971788e9cad",
            "security_group_rule_id": "sgr-05a9a51ebc6c26f32",
            "tags": null,
            "tags_all": {},
            "to_port": null
          },
          "sensitive_attributes": [],
          "identity_schema_version": 0,
          "identity": {
            "account_id": "536548358674",
            "id": "sgr-05a9a51ebc6c26f32",
            "region": "ap-southeast-1"
          },
          "dependencies": [
            "aws_security_group.drSG",
            "aws_vpc.dr"
          ]
        }
      ]
    },
    {
      "mode": "managed",
      "type": "aws_vpc_security_group_ingress_rule",
      "name": "dr_ec2_http",
      "provider": "provider[\"registry.terraform.io/hashicorp/aws\"]",
      "instances": [
        {
          "schema_version": 0,
          "attributes": {
            "arn": "arn:aws:ec2:ap-southeast-1:536548358674:security-group-rule/sgr-04bad7c9abb302ff7",
            "cidr_ipv4": "0.0.0.0/0",
            "cidr_ipv6": null,
            "description": "HTTP from Internet",
            "from_port": 80,
            "id": "sgr-04bad7c9abb302ff7",
            "ip_protocol": "tcp",
            "prefix_list_id": null,
            "referenced_security_group_id": null,
            "region": "ap-southeast-1",
            "security_group_id": "sg-082fdc971788e9cad",
            "security_group_rule_id": "sgr-04bad7c9abb302ff7",
            "tags": null,
            "tags_all": {},
            "to_port": 80
          },
          "sensitive_attributes": [],
          "identity_schema_version": 0,
          "identity": {
            "account_id": "536548358674",
            "id": "sgr-04bad7c9abb302ff7",
            "region": "ap-southeast-1"
          },
          "dependencies": [
            "aws_security_group.drSG",
            "aws_vpc.dr"
          ]
        }
      ]
    },
    {
      "mode": "managed",
      "type": "aws_vpc_security_group_ingress_rule",
      "name": "dr_ec2_https",
      "provider": "provider[\"registry.terraform.io/hashicorp/aws\"]",
      "instances": [
        {
          "schema_version": 0,
          "attributes": {
            "arn": "arn:aws:ec2:ap-southeast-1:536548358674:security-group-rule/sgr-0715fd95cd027e303",
            "cidr_ipv4": "0.0.0.0/0",
            "cidr_ipv6": null,
            "description": "HTTPS from Internet",
            "from_port": 443,
            "id": "sgr-0715fd95cd027e303",
            "ip_protocol": "tcp",
            "prefix_list_id": null,
            "referenced_security_group_id": null,
            "region": "ap-southeast-1",
            "security_group_id": "sg-082fdc971788e9cad",
            "security_group_rule_id": "sgr-0715fd95cd027e303",
            "tags": null,
            "tags_all": {},
            "to_port": 443
          },
          "sensitive_attributes": [],
          "identity_schema_version": 0,
          "identity": {
            "account_id": "536548358674",
            "id": "sgr-0715fd95cd027e303",
            "region": "ap-southeast-1"
          },
          "dependencies": [
            "aws_security_group.drSG",
            "aws_vpc.dr"
          ]
        }
      ]
    },
    {
      "mode": "managed",
      "type": "aws_vpc_security_group_ingress_rule",
      "name": "dr_ec2_icmp",
      "provider": "provider[\"registry.terraform.io/hashicorp/aws\"]",
      "instances": [
        {
          "schema_version": 0,
          "attributes": {
            "arn": "arn:aws:ec2:ap-southeast-1:536548358674:security-group-rule/sgr-0744d7eae1a3ae3ec",
            "cidr_ipv4": "0.0.0.0/0",
            "cidr_ipv6": null,
            "description": "ICMP (ping) ",
            "from_port": -1,
            "id": "sgr-0744d7eae1a3ae3ec",
            "ip_protocol": "icmp",
            "prefix_list_id": null,
            "referenced_security_group_id": null,
            "region": "ap-southeast-1",
            "security_group_id": "sg-082fdc971788e9cad",
            "security_group_rule_id": "sgr-0744d7eae1a3ae3ec",
            "tags": null,
            "tags_all": {},
            "to_port": -1
          },
          "sensitive_attributes": [],
          "identity_schema_version": 0,
          "identity": {
            "account_id": "536548358674",
            "id": "sgr-0744d7eae1a3ae3ec",
            "region": "ap-southeast-1"
          },
          "dependencies": [
            "aws_security_group.drSG",
            "aws_vpc.dr"
          ]
        }
      ]
    },
    {
      "mode": "managed",
      "type": "aws_vpc_security_group_ingress_rule",
      "name": "dr_ec2_ssh",
      "provider": "provider[\"registry.terraform.io/hashicorp/aws\"]",
      "instances": [
        {
          "schema_version": 0,
          "attributes": {
            "arn": "arn:aws:ec2:ap-southeast-1:536548358674:security-group-rule/sgr-052c8a3708fb7169d",
            "cidr_ipv4": "0.0.0.0/0",
            "cidr_ipv6": null,
            "description": "SSH from admin IP",
            "from_port": 22,
            "id": "sgr-052c8a3708fb7169d",
            "ip_protocol": "tcp",
            "prefix_list_id": null,
            "referenced_security_group_id": null,
            "region": "ap-southeast-1",
            "security_group_id": "sg-082fdc971788e9cad",
            "security_group_rule_id": "sgr-052c8a3708fb7169d",
            "tags": null,
            "tags_all": {},
            "to_port": 22
          },
          "sensitive_attributes": [],
          "identity_schema_version": 0,
          "identity": {
            "account_id": "536548358674",
            "id": "sgr-052c8a3708fb7169d",
            "region": "ap-southeast-1"
          },
          "dependencies": [
            "aws_security_group.drSG",
            "aws_vpc.dr"
          ]
        }
      ]
    }
  ],
  "check_results": null
}
